// !$*UTF8*$!
{
	archiveVersion = 1;
	classes = {
	};
	objectVersion = 56;
	objects = {

/* Begin PBXBuildFile section */
		B946E47D29CFA0C700315FF2 /* AllRecipesEndpointTests.swift in Sources */ = {isa = PBXBuildFile; fileRef = B946E47C29CFA0C700315FF2 /* AllRecipesEndpointTests.swift */; };
		B946E48129CFA80D00315FF2 /* FilteredRecipeEndpointTests.swift in Sources */ = {isa = PBXBuildFile; fileRef = B946E48029CFA80D00315FF2 /* FilteredRecipeEndpointTests.swift */; };
		B946E48329CFBF3F00315FF2 /* EndpointError.swift in Sources */ = {isa = PBXBuildFile; fileRef = B946E48229CFBF3F00315FF2 /* EndpointError.swift */; };
		B946E48529CFC54100315FF2 /* ImageRecipeEndpointTests.swift in Sources */ = {isa = PBXBuildFile; fileRef = B946E48429CFC54100315FF2 /* ImageRecipeEndpointTests.swift */; };
		B946E48729D0A57700315FF2 /* DetailedRecipeEndpointTests.swift in Sources */ = {isa = PBXBuildFile; fileRef = B946E48629D0A57700315FF2 /* DetailedRecipeEndpointTests.swift */; };
		B946E48929D0E96C00315FF2 /* URLDecomposer.swift in Sources */ = {isa = PBXBuildFile; fileRef = B946E48829D0E96C00315FF2 /* URLDecomposer.swift */; };
		B946E48D29D0ED4B00315FF2 /* MockURLDecomposerProtocol.swift in Sources */ = {isa = PBXBuildFile; fileRef = B946E48C29D0ED4B00315FF2 /* MockURLDecomposerProtocol.swift */; };
		B946E48F29D0F09100315FF2 /* BaseEndpointTests.swift in Sources */ = {isa = PBXBuildFile; fileRef = B946E48E29D0F09100315FF2 /* BaseEndpointTests.swift */; };
		B946E49229D0F7D300315FF2 /* URLDecomposerTests.swift in Sources */ = {isa = PBXBuildFile; fileRef = B946E49129D0F7D300315FF2 /* URLDecomposerTests.swift */; };
		B946E49429D0F9BC00315FF2 /* DecomposedURL.swift in Sources */ = {isa = PBXBuildFile; fileRef = B946E49329D0F9BC00315FF2 /* DecomposedURL.swift */; };
		B946E49729D0FBF900315FF2 /* WebServiceTests.swift in Sources */ = {isa = PBXBuildFile; fileRef = B946E49629D0FBF900315FF2 /* WebServiceTests.swift */; };
		B946E49929D0FFF800315FF2 /* MockURLProtocol.swift in Sources */ = {isa = PBXBuildFile; fileRef = B946E49829D0FFF700315FF2 /* MockURLProtocol.swift */; };
		B9F5031B29CCDFCC00B7D13C /* AppDelegate.swift in Sources */ = {isa = PBXBuildFile; fileRef = B9F5031A29CCDFCC00B7D13C /* AppDelegate.swift */; };
		B9F5031D29CCDFCC00B7D13C /* SceneDelegate.swift in Sources */ = {isa = PBXBuildFile; fileRef = B9F5031C29CCDFCC00B7D13C /* SceneDelegate.swift */; };
		B9F5031F29CCDFCC00B7D13C /* ViewController.swift in Sources */ = {isa = PBXBuildFile; fileRef = B9F5031E29CCDFCC00B7D13C /* ViewController.swift */; };
		B9F5032229CCDFCC00B7D13C /* Main.storyboard in Resources */ = {isa = PBXBuildFile; fileRef = B9F5032029CCDFCC00B7D13C /* Main.storyboard */; };
		B9F5032429CCDFCE00B7D13C /* Assets.xcassets in Resources */ = {isa = PBXBuildFile; fileRef = B9F5032329CCDFCE00B7D13C /* Assets.xcassets */; };
		B9F5032729CCDFCE00B7D13C /* LaunchScreen.storyboard in Resources */ = {isa = PBXBuildFile; fileRef = B9F5032529CCDFCE00B7D13C /* LaunchScreen.storyboard */; };
		B9F5033C29CCDFCE00B7D13C /* SpoonacularAppUITests.swift in Sources */ = {isa = PBXBuildFile; fileRef = B9F5033B29CCDFCE00B7D13C /* SpoonacularAppUITests.swift */; };
		B9F5033E29CCDFCE00B7D13C /* SpoonacularAppUITestsLaunchTests.swift in Sources */ = {isa = PBXBuildFile; fileRef = B9F5033D29CCDFCE00B7D13C /* SpoonacularAppUITestsLaunchTests.swift */; };
		B9F5034C29CCF5AB00B7D13C /* Alamofire in Frameworks */ = {isa = PBXBuildFile; productRef = B9F5034B29CCF5AB00B7D13C /* Alamofire */; };
		B9F5034F29CCF6D200B7D13C /* WebService.swift in Sources */ = {isa = PBXBuildFile; fileRef = B9F5034E29CCF6D200B7D13C /* WebService.swift */; };
		B9F5035729CD040800B7D13C /* Utils.swift in Sources */ = {isa = PBXBuildFile; fileRef = B9F5035629CD040800B7D13C /* Utils.swift */; };
		B9F5035C29CD0CF500B7D13C /* BaseEndpoint.swift in Sources */ = {isa = PBXBuildFile; fileRef = B9F5035B29CD0CF500B7D13C /* BaseEndpoint.swift */; };
		B9F5035E29CD0E6D00B7D13C /* AllRecipesEndpoint.swift in Sources */ = {isa = PBXBuildFile; fileRef = B9F5035D29CD0E6D00B7D13C /* AllRecipesEndpoint.swift */; };
		B9F5036029CD100300B7D13C /* ImageRecipeEndpoint.swift in Sources */ = {isa = PBXBuildFile; fileRef = B9F5035F29CD100300B7D13C /* ImageRecipeEndpoint.swift */; };
		B9F5036229CD21B700B7D13C /* DetailedRecipeEndpoint.swift in Sources */ = {isa = PBXBuildFile; fileRef = B9F5036129CD21B700B7D13C /* DetailedRecipeEndpoint.swift */; };
		B9F5036429CD24F200B7D13C /* FilteredRecipeEndpoint.swift in Sources */ = {isa = PBXBuildFile; fileRef = B9F5036329CD24F200B7D13C /* FilteredRecipeEndpoint.swift */; };
/* End PBXBuildFile section */

/* Begin PBXContainerItemProxy section */
		B9F5032E29CCDFCE00B7D13C /* PBXContainerItemProxy */ = {
			isa = PBXContainerItemProxy;
			containerPortal = B9F5030F29CCDFCC00B7D13C /* Project object */;
			proxyType = 1;
			remoteGlobalIDString = B9F5031629CCDFCC00B7D13C;
			remoteInfo = SpoonacularApp;
		};
		B9F5033829CCDFCE00B7D13C /* PBXContainerItemProxy */ = {
			isa = PBXContainerItemProxy;
			containerPortal = B9F5030F29CCDFCC00B7D13C /* Project object */;
			proxyType = 1;
			remoteGlobalIDString = B9F5031629CCDFCC00B7D13C;
			remoteInfo = SpoonacularApp;
		};
/* End PBXContainerItemProxy section */

/* Begin PBXFileReference section */
		B946E47C29CFA0C700315FF2 /* AllRecipesEndpointTests.swift */ = {isa = PBXFileReference; lastKnownFileType = sourcecode.swift; path = AllRecipesEndpointTests.swift; sourceTree = "<group>"; };
		B946E48029CFA80D00315FF2 /* FilteredRecipeEndpointTests.swift */ = {isa = PBXFileReference; lastKnownFileType = sourcecode.swift; path = FilteredRecipeEndpointTests.swift; sourceTree = "<group>"; };
		B946E48229CFBF3F00315FF2 /* EndpointError.swift */ = {isa = PBXFileReference; lastKnownFileType = sourcecode.swift; path = EndpointError.swift; sourceTree = "<group>"; };
		B946E48429CFC54100315FF2 /* ImageRecipeEndpointTests.swift */ = {isa = PBXFileReference; lastKnownFileType = sourcecode.swift; path = ImageRecipeEndpointTests.swift; sourceTree = "<group>"; };
		B946E48629D0A57700315FF2 /* DetailedRecipeEndpointTests.swift */ = {isa = PBXFileReference; lastKnownFileType = sourcecode.swift; path = DetailedRecipeEndpointTests.swift; sourceTree = "<group>"; };
		B946E48829D0E96C00315FF2 /* URLDecomposer.swift */ = {isa = PBXFileReference; lastKnownFileType = sourcecode.swift; path = URLDecomposer.swift; sourceTree = "<group>"; };
		B946E48C29D0ED4B00315FF2 /* MockURLDecomposerProtocol.swift */ = {isa = PBXFileReference; lastKnownFileType = sourcecode.swift; path = MockURLDecomposerProtocol.swift; sourceTree = "<group>"; };
		B946E48E29D0F09100315FF2 /* BaseEndpointTests.swift */ = {isa = PBXFileReference; lastKnownFileType = sourcecode.swift; path = BaseEndpointTests.swift; sourceTree = "<group>"; };
		B946E49129D0F7D300315FF2 /* URLDecomposerTests.swift */ = {isa = PBXFileReference; lastKnownFileType = sourcecode.swift; path = URLDecomposerTests.swift; sourceTree = "<group>"; };
		B946E49329D0F9BC00315FF2 /* DecomposedURL.swift */ = {isa = PBXFileReference; lastKnownFileType = sourcecode.swift; path = DecomposedURL.swift; sourceTree = "<group>"; };
		B946E49629D0FBF900315FF2 /* WebServiceTests.swift */ = {isa = PBXFileReference; lastKnownFileType = sourcecode.swift; path = WebServiceTests.swift; sourceTree = "<group>"; };
		B946E49829D0FFF700315FF2 /* MockURLProtocol.swift */ = {isa = PBXFileReference; lastKnownFileType = sourcecode.swift; path = MockURLProtocol.swift; sourceTree = "<group>"; };
		B9F5031729CCDFCC00B7D13C /* SpoonacularApp.app */ = {isa = PBXFileReference; explicitFileType = wrapper.application; includeInIndex = 0; path = SpoonacularApp.app; sourceTree = BUILT_PRODUCTS_DIR; };
		B9F5031A29CCDFCC00B7D13C /* AppDelegate.swift */ = {isa = PBXFileReference; lastKnownFileType = sourcecode.swift; path = AppDelegate.swift; sourceTree = "<group>"; };
		B9F5031C29CCDFCC00B7D13C /* SceneDelegate.swift */ = {isa = PBXFileReference; lastKnownFileType = sourcecode.swift; path = SceneDelegate.swift; sourceTree = "<group>"; };
		B9F5031E29CCDFCC00B7D13C /* ViewController.swift */ = {isa = PBXFileReference; lastKnownFileType = sourcecode.swift; path = ViewController.swift; sourceTree = "<group>"; };
		B9F5032129CCDFCC00B7D13C /* Base */ = {isa = PBXFileReference; lastKnownFileType = file.storyboard; name = Base; path = Base.lproj/Main.storyboard; sourceTree = "<group>"; };
		B9F5032329CCDFCE00B7D13C /* Assets.xcassets */ = {isa = PBXFileReference; lastKnownFileType = folder.assetcatalog; path = Assets.xcassets; sourceTree = "<group>"; };
		B9F5032629CCDFCE00B7D13C /* Base */ = {isa = PBXFileReference; lastKnownFileType = file.storyboard; name = Base; path = Base.lproj/LaunchScreen.storyboard; sourceTree = "<group>"; };
		B9F5032829CCDFCE00B7D13C /* Info.plist */ = {isa = PBXFileReference; lastKnownFileType = text.plist.xml; path = Info.plist; sourceTree = "<group>"; };
		B9F5032D29CCDFCE00B7D13C /* SpoonacularAppTests.xctest */ = {isa = PBXFileReference; explicitFileType = wrapper.cfbundle; includeInIndex = 0; path = SpoonacularAppTests.xctest; sourceTree = BUILT_PRODUCTS_DIR; };
		B9F5033729CCDFCE00B7D13C /* SpoonacularAppUITests.xctest */ = {isa = PBXFileReference; explicitFileType = wrapper.cfbundle; includeInIndex = 0; path = SpoonacularAppUITests.xctest; sourceTree = BUILT_PRODUCTS_DIR; };
		B9F5033B29CCDFCE00B7D13C /* SpoonacularAppUITests.swift */ = {isa = PBXFileReference; lastKnownFileType = sourcecode.swift; path = SpoonacularAppUITests.swift; sourceTree = "<group>"; };
		B9F5033D29CCDFCE00B7D13C /* SpoonacularAppUITestsLaunchTests.swift */ = {isa = PBXFileReference; lastKnownFileType = sourcecode.swift; path = SpoonacularAppUITestsLaunchTests.swift; sourceTree = "<group>"; };
		B9F5034E29CCF6D200B7D13C /* WebService.swift */ = {isa = PBXFileReference; lastKnownFileType = sourcecode.swift; path = WebService.swift; sourceTree = "<group>"; };
		B9F5035629CD040800B7D13C /* Utils.swift */ = {isa = PBXFileReference; lastKnownFileType = sourcecode.swift; path = Utils.swift; sourceTree = "<group>"; };
		B9F5035B29CD0CF500B7D13C /* BaseEndpoint.swift */ = {isa = PBXFileReference; lastKnownFileType = sourcecode.swift; path = BaseEndpoint.swift; sourceTree = "<group>"; };
		B9F5035D29CD0E6D00B7D13C /* AllRecipesEndpoint.swift */ = {isa = PBXFileReference; lastKnownFileType = sourcecode.swift; path = AllRecipesEndpoint.swift; sourceTree = "<group>"; };
		B9F5035F29CD100300B7D13C /* ImageRecipeEndpoint.swift */ = {isa = PBXFileReference; lastKnownFileType = sourcecode.swift; path = ImageRecipeEndpoint.swift; sourceTree = "<group>"; };
		B9F5036129CD21B700B7D13C /* DetailedRecipeEndpoint.swift */ = {isa = PBXFileReference; lastKnownFileType = sourcecode.swift; path = DetailedRecipeEndpoint.swift; sourceTree = "<group>"; };
		B9F5036329CD24F200B7D13C /* FilteredRecipeEndpoint.swift */ = {isa = PBXFileReference; lastKnownFileType = sourcecode.swift; path = FilteredRecipeEndpoint.swift; sourceTree = "<group>"; };
/* End PBXFileReference section */

/* Begin PBXFrameworksBuildPhase section */
		B9F5031429CCDFCC00B7D13C /* Frameworks */ = {
			isa = PBXFrameworksBuildPhase;
			buildActionMask = 2147483647;
			files = (
				B9F5034C29CCF5AB00B7D13C /* Alamofire in Frameworks */,
			);
			runOnlyForDeploymentPostprocessing = 0;
		};
		B9F5032A29CCDFCE00B7D13C /* Frameworks */ = {
			isa = PBXFrameworksBuildPhase;
			buildActionMask = 2147483647;
			files = (
			);
			runOnlyForDeploymentPostprocessing = 0;
		};
		B9F5033429CCDFCE00B7D13C /* Frameworks */ = {
			isa = PBXFrameworksBuildPhase;
			buildActionMask = 2147483647;
			files = (
			);
			runOnlyForDeploymentPostprocessing = 0;
		};
/* End PBXFrameworksBuildPhase section */

/* Begin PBXGroup section */
		B946E47929CE1FED00315FF2 /* Network */ = {
			isa = PBXGroup;
			children = (
				B946E49629D0FBF900315FF2 /* WebServiceTests.swift */,
				B946E48B29D0ED2000315FF2 /* Mocks */,
				B946E49529D0FBDC00315FF2 /* Endpoints */,
			);
			path = Network;
			sourceTree = "<group>";
		};
		B946E48A29D0E97000315FF2 /* Extensions */ = {
			isa = PBXGroup;
			children = (
				B946E48829D0E96C00315FF2 /* URLDecomposer.swift */,
				B946E49329D0F9BC00315FF2 /* DecomposedURL.swift */,
			);
			name = Extensions;
			sourceTree = "<group>";
		};
		B946E48B29D0ED2000315FF2 /* Mocks */ = {
			isa = PBXGroup;
			children = (
				B946E48C29D0ED4B00315FF2 /* MockURLDecomposerProtocol.swift */,
				B946E49829D0FFF700315FF2 /* MockURLProtocol.swift */,
			);
			path = Mocks;
			sourceTree = "<group>";
		};
		B946E49029D0F7C300315FF2 /* Extensions */ = {
			isa = PBXGroup;
			children = (
				B946E49129D0F7D300315FF2 /* URLDecomposerTests.swift */,
			);
			path = Extensions;
			sourceTree = "<group>";
		};
		B946E49529D0FBDC00315FF2 /* Endpoints */ = {
			isa = PBXGroup;
			children = (
				B946E48E29D0F09100315FF2 /* BaseEndpointTests.swift */,
				B946E47C29CFA0C700315FF2 /* AllRecipesEndpointTests.swift */,
				B946E48429CFC54100315FF2 /* ImageRecipeEndpointTests.swift */,
				B946E48629D0A57700315FF2 /* DetailedRecipeEndpointTests.swift */,
				B946E48029CFA80D00315FF2 /* FilteredRecipeEndpointTests.swift */,
			);
			path = Endpoints;
			sourceTree = "<group>";
		};
		B9F5030E29CCDFCC00B7D13C = {
			isa = PBXGroup;
			children = (
				B9F5031929CCDFCC00B7D13C /* SpoonacularApp */,
				B9F5033029CCDFCE00B7D13C /* SpoonacularAppTests */,
				B9F5033A29CCDFCE00B7D13C /* SpoonacularAppUITests */,
				B9F5031829CCDFCC00B7D13C /* Products */,
			);
			sourceTree = "<group>";
		};
		B9F5031829CCDFCC00B7D13C /* Products */ = {
			isa = PBXGroup;
			children = (
				B9F5031729CCDFCC00B7D13C /* SpoonacularApp.app */,
				B9F5032D29CCDFCE00B7D13C /* SpoonacularAppTests.xctest */,
				B9F5033729CCDFCE00B7D13C /* SpoonacularAppUITests.xctest */,
			);
			name = Products;
			sourceTree = "<group>";
		};
		B9F5031929CCDFCC00B7D13C /* SpoonacularApp */ = {
			isa = PBXGroup;
			children = (
				B946E48A29D0E97000315FF2 /* Extensions */,
				B9F5035529CD03FD00B7D13C /* Constants */,
				B9F5034D29CCF6C300B7D13C /* Network */,
				B9F5031A29CCDFCC00B7D13C /* AppDelegate.swift */,
				B9F5031C29CCDFCC00B7D13C /* SceneDelegate.swift */,
				B9F5031E29CCDFCC00B7D13C /* ViewController.swift */,
				B9F5032029CCDFCC00B7D13C /* Main.storyboard */,
				B9F5032329CCDFCE00B7D13C /* Assets.xcassets */,
				B9F5032529CCDFCE00B7D13C /* LaunchScreen.storyboard */,
				B9F5032829CCDFCE00B7D13C /* Info.plist */,
			);
			path = SpoonacularApp;
			sourceTree = "<group>";
		};
		B9F5033029CCDFCE00B7D13C /* SpoonacularAppTests */ = {
			isa = PBXGroup;
			children = (
				B946E49029D0F7C300315FF2 /* Extensions */,
				B946E47929CE1FED00315FF2 /* Network */,
			);
			path = SpoonacularAppTests;
			sourceTree = "<group>";
		};
		B9F5033A29CCDFCE00B7D13C /* SpoonacularAppUITests */ = {
			isa = PBXGroup;
			children = (
				B9F5033B29CCDFCE00B7D13C /* SpoonacularAppUITests.swift */,
				B9F5033D29CCDFCE00B7D13C /* SpoonacularAppUITestsLaunchTests.swift */,
			);
			path = SpoonacularAppUITests;
			sourceTree = "<group>";
		};
		B9F5034D29CCF6C300B7D13C /* Network */ = {
			isa = PBXGroup;
			children = (
				B9F5034E29CCF6D200B7D13C /* WebService.swift */,
				B9F5035A29CD0CE500B7D13C /* Endpoints */,
			);
			path = Network;
			sourceTree = "<group>";
		};
		B9F5035529CD03FD00B7D13C /* Constants */ = {
			isa = PBXGroup;
			children = (
				B9F5035629CD040800B7D13C /* Utils.swift */,
			);
			path = Constants;
			sourceTree = "<group>";
		};
		B9F5035A29CD0CE500B7D13C /* Endpoints */ = {
			isa = PBXGroup;
			children = (
				B946E48229CFBF3F00315FF2 /* EndpointError.swift */,
				B9F5035B29CD0CF500B7D13C /* BaseEndpoint.swift */,
				B9F5035D29CD0E6D00B7D13C /* AllRecipesEndpoint.swift */,
				B9F5035F29CD100300B7D13C /* ImageRecipeEndpoint.swift */,
				B9F5036129CD21B700B7D13C /* DetailedRecipeEndpoint.swift */,
				B9F5036329CD24F200B7D13C /* FilteredRecipeEndpoint.swift */,
			);
			path = Endpoints;
			sourceTree = "<group>";
		};
/* End PBXGroup section */

/* Begin PBXNativeTarget section */
		B9F5031629CCDFCC00B7D13C /* SpoonacularApp */ = {
			isa = PBXNativeTarget;
			buildConfigurationList = B9F5034129CCDFCE00B7D13C /* Build configuration list for PBXNativeTarget "SpoonacularApp" */;
			buildPhases = (
				B9F5031329CCDFCC00B7D13C /* Sources */,
				B9F5031429CCDFCC00B7D13C /* Frameworks */,
				B9F5031529CCDFCC00B7D13C /* Resources */,
			);
			buildRules = (
			);
			dependencies = (
			);
			name = SpoonacularApp;
			packageProductDependencies = (
				B9F5034B29CCF5AB00B7D13C /* Alamofire */,
			);
			productName = SpoonacularApp;
			productReference = B9F5031729CCDFCC00B7D13C /* SpoonacularApp.app */;
			productType = "com.apple.product-type.application";
		};
		B9F5032C29CCDFCE00B7D13C /* SpoonacularAppTests */ = {
			isa = PBXNativeTarget;
			buildConfigurationList = B9F5034429CCDFCE00B7D13C /* Build configuration list for PBXNativeTarget "SpoonacularAppTests" */;
			buildPhases = (
				B9F5032929CCDFCE00B7D13C /* Sources */,
				B9F5032A29CCDFCE00B7D13C /* Frameworks */,
				B9F5032B29CCDFCE00B7D13C /* Resources */,
			);
			buildRules = (
			);
			dependencies = (
				B9F5032F29CCDFCE00B7D13C /* PBXTargetDependency */,
			);
			name = SpoonacularAppTests;
			productName = SpoonacularAppTests;
			productReference = B9F5032D29CCDFCE00B7D13C /* SpoonacularAppTests.xctest */;
			productType = "com.apple.product-type.bundle.unit-test";
		};
		B9F5033629CCDFCE00B7D13C /* SpoonacularAppUITests */ = {
			isa = PBXNativeTarget;
			buildConfigurationList = B9F5034729CCDFCE00B7D13C /* Build configuration list for PBXNativeTarget "SpoonacularAppUITests" */;
			buildPhases = (
				B9F5033329CCDFCE00B7D13C /* Sources */,
				B9F5033429CCDFCE00B7D13C /* Frameworks */,
				B9F5033529CCDFCE00B7D13C /* Resources */,
			);
			buildRules = (
			);
			dependencies = (
				B9F5033929CCDFCE00B7D13C /* PBXTargetDependency */,
			);
			name = SpoonacularAppUITests;
			productName = SpoonacularAppUITests;
			productReference = B9F5033729CCDFCE00B7D13C /* SpoonacularAppUITests.xctest */;
			productType = "com.apple.product-type.bundle.ui-testing";
		};
/* End PBXNativeTarget section */

/* Begin PBXProject section */
		B9F5030F29CCDFCC00B7D13C /* Project object */ = {
			isa = PBXProject;
			attributes = {
				BuildIndependentTargetsInParallel = 1;
				LastSwiftUpdateCheck = 1420;
				LastUpgradeCheck = 1420;
				TargetAttributes = {
					B9F5031629CCDFCC00B7D13C = {
						CreatedOnToolsVersion = 14.2;
					};
					B9F5032C29CCDFCE00B7D13C = {
						CreatedOnToolsVersion = 14.2;
						TestTargetID = B9F5031629CCDFCC00B7D13C;
					};
					B9F5033629CCDFCE00B7D13C = {
						CreatedOnToolsVersion = 14.2;
						TestTargetID = B9F5031629CCDFCC00B7D13C;
					};
				};
			};
			buildConfigurationList = B9F5031229CCDFCC00B7D13C /* Build configuration list for PBXProject "SpoonacularApp" */;
			compatibilityVersion = "Xcode 14.0";
			developmentRegion = en;
			hasScannedForEncodings = 0;
			knownRegions = (
				en,
				Base,
			);
			mainGroup = B9F5030E29CCDFCC00B7D13C;
			packageReferences = (
				B9F5034A29CCF5AB00B7D13C /* XCRemoteSwiftPackageReference "Alamofire" */,
			);
			productRefGroup = B9F5031829CCDFCC00B7D13C /* Products */;
			projectDirPath = "";
			projectRoot = "";
			targets = (
				B9F5031629CCDFCC00B7D13C /* SpoonacularApp */,
				B9F5032C29CCDFCE00B7D13C /* SpoonacularAppTests */,
				B9F5033629CCDFCE00B7D13C /* SpoonacularAppUITests */,
			);
		};
/* End PBXProject section */

/* Begin PBXResourcesBuildPhase section */
		B9F5031529CCDFCC00B7D13C /* Resources */ = {
			isa = PBXResourcesBuildPhase;
			buildActionMask = 2147483647;
			files = (
				B9F5032729CCDFCE00B7D13C /* LaunchScreen.storyboard in Resources */,
				B9F5032429CCDFCE00B7D13C /* Assets.xcassets in Resources */,
				B9F5032229CCDFCC00B7D13C /* Main.storyboard in Resources */,
			);
			runOnlyForDeploymentPostprocessing = 0;
		};
		B9F5032B29CCDFCE00B7D13C /* Resources */ = {
			isa = PBXResourcesBuildPhase;
			buildActionMask = 2147483647;
			files = (
			);
			runOnlyForDeploymentPostprocessing = 0;
		};
		B9F5033529CCDFCE00B7D13C /* Resources */ = {
			isa = PBXResourcesBuildPhase;
			buildActionMask = 2147483647;
			files = (
			);
			runOnlyForDeploymentPostprocessing = 0;
		};
/* End PBXResourcesBuildPhase section */

/* Begin PBXSourcesBuildPhase section */
		B9F5031329CCDFCC00B7D13C /* Sources */ = {
			isa = PBXSourcesBuildPhase;
			buildActionMask = 2147483647;
			files = (
				B9F5036029CD100300B7D13C /* ImageRecipeEndpoint.swift in Sources */,
				B9F5035C29CD0CF500B7D13C /* BaseEndpoint.swift in Sources */,
				B9F5031F29CCDFCC00B7D13C /* ViewController.swift in Sources */,
				B946E49429D0F9BC00315FF2 /* DecomposedURL.swift in Sources */,
				B946E48929D0E96C00315FF2 /* URLDecomposer.swift in Sources */,
				B9F5031B29CCDFCC00B7D13C /* AppDelegate.swift in Sources */,
				B9F5034F29CCF6D200B7D13C /* WebService.swift in Sources */,
				B9F5031D29CCDFCC00B7D13C /* SceneDelegate.swift in Sources */,
				B946E48329CFBF3F00315FF2 /* EndpointError.swift in Sources */,
				B9F5036229CD21B700B7D13C /* DetailedRecipeEndpoint.swift in Sources */,
				B9F5035E29CD0E6D00B7D13C /* AllRecipesEndpoint.swift in Sources */,
				B9F5035729CD040800B7D13C /* Utils.swift in Sources */,
				B9F5036429CD24F200B7D13C /* FilteredRecipeEndpoint.swift in Sources */,
			);
			runOnlyForDeploymentPostprocessing = 0;
		};
		B9F5032929CCDFCE00B7D13C /* Sources */ = {
			isa = PBXSourcesBuildPhase;
			buildActionMask = 2147483647;
			files = (
				B946E48729D0A57700315FF2 /* DetailedRecipeEndpointTests.swift in Sources */,
				B946E48529CFC54100315FF2 /* ImageRecipeEndpointTests.swift in Sources */,
				B946E49729D0FBF900315FF2 /* WebServiceTests.swift in Sources */,
				B946E49929D0FFF800315FF2 /* MockURLProtocol.swift in Sources */,
				B946E48129CFA80D00315FF2 /* FilteredRecipeEndpointTests.swift in Sources */,
				B946E49229D0F7D300315FF2 /* URLDecomposerTests.swift in Sources */,
				B946E48D29D0ED4B00315FF2 /* MockURLDecomposerProtocol.swift in Sources */,
				B946E48F29D0F09100315FF2 /* BaseEndpointTests.swift in Sources */,
				B946E47D29CFA0C700315FF2 /* AllRecipesEndpointTests.swift in Sources */,
			);
			runOnlyForDeploymentPostprocessing = 0;
		};
		B9F5033329CCDFCE00B7D13C /* Sources */ = {
			isa = PBXSourcesBuildPhase;
			buildActionMask = 2147483647;
			files = (
				B9F5033E29CCDFCE00B7D13C /* SpoonacularAppUITestsLaunchTests.swift in Sources */,
				B9F5033C29CCDFCE00B7D13C /* SpoonacularAppUITests.swift in Sources */,
			);
			runOnlyForDeploymentPostprocessing = 0;
		};
/* End PBXSourcesBuildPhase section */

/* Begin PBXTargetDependency section */
		B9F5032F29CCDFCE00B7D13C /* PBXTargetDependency */ = {
			isa = PBXTargetDependency;
			target = B9F5031629CCDFCC00B7D13C /* SpoonacularApp */;
			targetProxy = B9F5032E29CCDFCE00B7D13C /* PBXContainerItemProxy */;
		};
		B9F5033929CCDFCE00B7D13C /* PBXTargetDependency */ = {
			isa = PBXTargetDependency;
			target = B9F5031629CCDFCC00B7D13C /* SpoonacularApp */;
			targetProxy = B9F5033829CCDFCE00B7D13C /* PBXContainerItemProxy */;
		};
/* End PBXTargetDependency section */

/* Begin PBXVariantGroup section */
		B9F5032029CCDFCC00B7D13C /* Main.storyboard */ = {
			isa = PBXVariantGroup;
			children = (
				B9F5032129CCDFCC00B7D13C /* Base */,
			);
			name = Main.storyboard;
			sourceTree = "<group>";
		};
		B9F5032529CCDFCE00B7D13C /* LaunchScreen.storyboard */ = {
			isa = PBXVariantGroup;
			children = (
				B9F5032629CCDFCE00B7D13C /* Base */,
			);
			name = LaunchScreen.storyboard;
			sourceTree = "<group>";
		};
/* End PBXVariantGroup section */

/* Begin XCBuildConfiguration section */
		B9F5033F29CCDFCE00B7D13C /* Debug */ = {
			isa = XCBuildConfiguration;
			buildSettings = {
				ALWAYS_SEARCH_USER_PATHS = NO;
				CLANG_ANALYZER_NONNULL = YES;
				CLANG_ANALYZER_NUMBER_OBJECT_CONVERSION = YES_AGGRESSIVE;
				CLANG_CXX_LANGUAGE_STANDARD = "gnu++20";
				CLANG_ENABLE_MODULES = YES;
				CLANG_ENABLE_OBJC_ARC = YES;
				CLANG_ENABLE_OBJC_WEAK = YES;
				CLANG_WARN_BLOCK_CAPTURE_AUTORELEASING = YES;
				CLANG_WARN_BOOL_CONVERSION = YES;
				CLANG_WARN_COMMA = YES;
				CLANG_WARN_CONSTANT_CONVERSION = YES;
				CLANG_WARN_DEPRECATED_OBJC_IMPLEMENTATIONS = YES;
				CLANG_WARN_DIRECT_OBJC_ISA_USAGE = YES_ERROR;
				CLANG_WARN_DOCUMENTATION_COMMENTS = YES;
				CLANG_WARN_EMPTY_BODY = YES;
				CLANG_WARN_ENUM_CONVERSION = YES;
				CLANG_WARN_INFINITE_RECURSION = YES;
				CLANG_WARN_INT_CONVERSION = YES;
				CLANG_WARN_NON_LITERAL_NULL_CONVERSION = YES;
				CLANG_WARN_OBJC_IMPLICIT_RETAIN_SELF = YES;
				CLANG_WARN_OBJC_LITERAL_CONVERSION = YES;
				CLANG_WARN_OBJC_ROOT_CLASS = YES_ERROR;
				CLANG_WARN_QUOTED_INCLUDE_IN_FRAMEWORK_HEADER = YES;
				CLANG_WARN_RANGE_LOOP_ANALYSIS = YES;
				CLANG_WARN_STRICT_PROTOTYPES = YES;
				CLANG_WARN_SUSPICIOUS_MOVE = YES;
				CLANG_WARN_UNGUARDED_AVAILABILITY = YES_AGGRESSIVE;
				CLANG_WARN_UNREACHABLE_CODE = YES;
				CLANG_WARN__DUPLICATE_METHOD_MATCH = YES;
				COPY_PHASE_STRIP = NO;
				DEBUG_INFORMATION_FORMAT = dwarf;
				ENABLE_STRICT_OBJC_MSGSEND = YES;
				ENABLE_TESTABILITY = YES;
				GCC_C_LANGUAGE_STANDARD = gnu11;
				GCC_DYNAMIC_NO_PIC = NO;
				GCC_NO_COMMON_BLOCKS = YES;
				GCC_OPTIMIZATION_LEVEL = 0;
				GCC_PREPROCESSOR_DEFINITIONS = (
					"DEBUG=1",
					"$(inherited)",
				);
				GCC_WARN_64_TO_32_BIT_CONVERSION = YES;
				GCC_WARN_ABOUT_RETURN_TYPE = YES_ERROR;
				GCC_WARN_UNDECLARED_SELECTOR = YES;
				GCC_WARN_UNINITIALIZED_AUTOS = YES_AGGRESSIVE;
				GCC_WARN_UNUSED_FUNCTION = YES;
				GCC_WARN_UNUSED_VARIABLE = YES;
				IPHONEOS_DEPLOYMENT_TARGET = 16.2;
				MTL_ENABLE_DEBUG_INFO = INCLUDE_SOURCE;
				MTL_FAST_MATH = YES;
				ONLY_ACTIVE_ARCH = YES;
				SDKROOT = iphoneos;
				SWIFT_ACTIVE_COMPILATION_CONDITIONS = DEBUG;
				SWIFT_OPTIMIZATION_LEVEL = "-Onone";
			};
			name = Debug;
		};
		B9F5034029CCDFCE00B7D13C /* Release */ = {
			isa = XCBuildConfiguration;
			buildSettings = {
				ALWAYS_SEARCH_USER_PATHS = NO;
				CLANG_ANALYZER_NONNULL = YES;
				CLANG_ANALYZER_NUMBER_OBJECT_CONVERSION = YES_AGGRESSIVE;
				CLANG_CXX_LANGUAGE_STANDARD = "gnu++20";
				CLANG_ENABLE_MODULES = YES;
				CLANG_ENABLE_OBJC_ARC = YES;
				CLANG_ENABLE_OBJC_WEAK = YES;
				CLANG_WARN_BLOCK_CAPTURE_AUTORELEASING = YES;
				CLANG_WARN_BOOL_CONVERSION = YES;
				CLANG_WARN_COMMA = YES;
				CLANG_WARN_CONSTANT_CONVERSION = YES;
				CLANG_WARN_DEPRECATED_OBJC_IMPLEMENTATIONS = YES;
				CLANG_WARN_DIRECT_OBJC_ISA_USAGE = YES_ERROR;
				CLANG_WARN_DOCUMENTATION_COMMENTS = YES;
				CLANG_WARN_EMPTY_BODY = YES;
				CLANG_WARN_ENUM_CONVERSION = YES;
				CLANG_WARN_INFINITE_RECURSION = YES;
				CLANG_WARN_INT_CONVERSION = YES;
				CLANG_WARN_NON_LITERAL_NULL_CONVERSION = YES;
				CLANG_WARN_OBJC_IMPLICIT_RETAIN_SELF = YES;
				CLANG_WARN_OBJC_LITERAL_CONVERSION = YES;
				CLANG_WARN_OBJC_ROOT_CLASS = YES_ERROR;
				CLANG_WARN_QUOTED_INCLUDE_IN_FRAMEWORK_HEADER = YES;
				CLANG_WARN_RANGE_LOOP_ANALYSIS = YES;
				CLANG_WARN_STRICT_PROTOTYPES = YES;
				CLANG_WARN_SUSPICIOUS_MOVE = YES;
				CLANG_WARN_UNGUARDED_AVAILABILITY = YES_AGGRESSIVE;
				CLANG_WARN_UNREACHABLE_CODE = YES;
				CLANG_WARN__DUPLICATE_METHOD_MATCH = YES;
				COPY_PHASE_STRIP = NO;
				DEBUG_INFORMATION_FORMAT = "dwarf-with-dsym";
				ENABLE_NS_ASSERTIONS = NO;
				ENABLE_STRICT_OBJC_MSGSEND = YES;
				GCC_C_LANGUAGE_STANDARD = gnu11;
				GCC_NO_COMMON_BLOCKS = YES;
				GCC_WARN_64_TO_32_BIT_CONVERSION = YES;
				GCC_WARN_ABOUT_RETURN_TYPE = YES_ERROR;
				GCC_WARN_UNDECLARED_SELECTOR = YES;
				GCC_WARN_UNINITIALIZED_AUTOS = YES_AGGRESSIVE;
				GCC_WARN_UNUSED_FUNCTION = YES;
				GCC_WARN_UNUSED_VARIABLE = YES;
				IPHONEOS_DEPLOYMENT_TARGET = 16.2;
				MTL_ENABLE_DEBUG_INFO = NO;
				MTL_FAST_MATH = YES;
				SDKROOT = iphoneos;
				SWIFT_COMPILATION_MODE = wholemodule;
				SWIFT_OPTIMIZATION_LEVEL = "-O";
				VALIDATE_PRODUCT = YES;
			};
			name = Release;
		};
		B9F5034229CCDFCE00B7D13C /* Debug */ = {
			isa = XCBuildConfiguration;
			buildSettings = {
				ASSETCATALOG_COMPILER_APPICON_NAME = AppIcon;
				ASSETCATALOG_COMPILER_GLOBAL_ACCENT_COLOR_NAME = AccentColor;
				CODE_SIGN_STYLE = Automatic;
				CURRENT_PROJECT_VERSION = 1;
				DEVELOPMENT_TEAM = Z24Z5QFBHM;
				GENERATE_INFOPLIST_FILE = YES;
				INFOPLIST_FILE = SpoonacularApp/Info.plist;
				INFOPLIST_KEY_UIApplicationSupportsIndirectInputEvents = YES;
				INFOPLIST_KEY_UILaunchStoryboardName = LaunchScreen;
				INFOPLIST_KEY_UIMainStoryboardFile = Main;
				INFOPLIST_KEY_UISupportedInterfaceOrientations_iPad = "UIInterfaceOrientationPortrait UIInterfaceOrientationPortraitUpsideDown UIInterfaceOrientationLandscapeLeft UIInterfaceOrientationLandscapeRight";
				INFOPLIST_KEY_UISupportedInterfaceOrientations_iPhone = "UIInterfaceOrientationPortrait UIInterfaceOrientationLandscapeLeft UIInterfaceOrientationLandscapeRight";
				LD_RUNPATH_SEARCH_PATHS = (
					"$(inherited)",
					"@executable_path/Frameworks",
				);
				MARKETING_VERSION = 1.0;
				PRODUCT_BUNDLE_IDENTIFIER = com.ngoyes.SpoonacularApp;
				PRODUCT_NAME = "$(TARGET_NAME)";
				SWIFT_EMIT_LOC_STRINGS = YES;
				SWIFT_VERSION = 5.0;
				TARGETED_DEVICE_FAMILY = "1,2";
			};
			name = Debug;
		};
		B9F5034329CCDFCE00B7D13C /* Release */ = {
			isa = XCBuildConfiguration;
			buildSettings = {
				ASSETCATALOG_COMPILER_APPICON_NAME = AppIcon;
				ASSETCATALOG_COMPILER_GLOBAL_ACCENT_COLOR_NAME = AccentColor;
				CODE_SIGN_STYLE = Automatic;
				CURRENT_PROJECT_VERSION = 1;
				DEVELOPMENT_TEAM = Z24Z5QFBHM;
				GENERATE_INFOPLIST_FILE = YES;
				INFOPLIST_FILE = SpoonacularApp/Info.plist;
				INFOPLIST_KEY_UIApplicationSupportsIndirectInputEvents = YES;
				INFOPLIST_KEY_UILaunchStoryboardName = LaunchScreen;
				INFOPLIST_KEY_UIMainStoryboardFile = Main;
				INFOPLIST_KEY_UISupportedInterfaceOrientations_iPad = "UIInterfaceOrientationPortrait UIInterfaceOrientationPortraitUpsideDown UIInterfaceOrientationLandscapeLeft UIInterfaceOrientationLandscapeRight";
				INFOPLIST_KEY_UISupportedInterfaceOrientations_iPhone = "UIInterfaceOrientationPortrait UIInterfaceOrientationLandscapeLeft UIInterfaceOrientationLandscapeRight";
				LD_RUNPATH_SEARCH_PATHS = (
					"$(inherited)",
					"@executable_path/Frameworks",
				);
				MARKETING_VERSION = 1.0;
				PRODUCT_BUNDLE_IDENTIFIER = com.ngoyes.SpoonacularApp;
				PRODUCT_NAME = "$(TARGET_NAME)";
				SWIFT_EMIT_LOC_STRINGS = YES;
				SWIFT_VERSION = 5.0;
				TARGETED_DEVICE_FAMILY = "1,2";
			};
			name = Release;
		};
		B9F5034529CCDFCE00B7D13C /* Debug */ = {
			isa = XCBuildConfiguration;
			buildSettings = {
				ALWAYS_EMBED_SWIFT_STANDARD_LIBRARIES = YES;
				BUNDLE_LOADER = "$(TEST_HOST)";
				CODE_SIGN_STYLE = Automatic;
				CURRENT_PROJECT_VERSION = 1;
				DEVELOPMENT_TEAM = Z24Z5QFBHM;
				GENERATE_INFOPLIST_FILE = YES;
				IPHONEOS_DEPLOYMENT_TARGET = 16.2;
				MARKETING_VERSION = 1.0;
				PRODUCT_BUNDLE_IDENTIFIER = com.ngoyes.SpoonacularAppTests;
				PRODUCT_NAME = "$(TARGET_NAME)";
				SWIFT_EMIT_LOC_STRINGS = NO;
				SWIFT_VERSION = 5.0;
				TARGETED_DEVICE_FAMILY = "1,2";
				TEST_HOST = "$(BUILT_PRODUCTS_DIR)/SpoonacularApp.app/$(BUNDLE_EXECUTABLE_FOLDER_PATH)/SpoonacularApp";
			};
			name = Debug;
		};
		B9F5034629CCDFCE00B7D13C /* Release */ = {
			isa = XCBuildConfiguration;
			buildSettings = {
				ALWAYS_EMBED_SWIFT_STANDARD_LIBRARIES = YES;
				BUNDLE_LOADER = "$(TEST_HOST)";
				CODE_SIGN_STYLE = Automatic;
				CURRENT_PROJECT_VERSION = 1;
				DEVELOPMENT_TEAM = Z24Z5QFBHM;
				GENERATE_INFOPLIST_FILE = YES;
				IPHONEOS_DEPLOYMENT_TARGET = 16.2;
				MARKETING_VERSION = 1.0;
				PRODUCT_BUNDLE_IDENTIFIER = com.ngoyes.SpoonacularAppTests;
				PRODUCT_NAME = "$(TARGET_NAME)";
				SWIFT_EMIT_LOC_STRINGS = NO;
				SWIFT_VERSION = 5.0;
				TARGETED_DEVICE_FAMILY = "1,2";
				TEST_HOST = "$(BUILT_PRODUCTS_DIR)/SpoonacularApp.app/$(BUNDLE_EXECUTABLE_FOLDER_PATH)/SpoonacularApp";
			};
			name = Release;
		};
		B9F5034829CCDFCE00B7D13C /* Debug */ = {
			isa = XCBuildConfiguration;
			buildSettings = {
				ALWAYS_EMBED_SWIFT_STANDARD_LIBRARIES = YES;
				CODE_SIGN_STYLE = Automatic;
				CURRENT_PROJECT_VERSION = 1;
				DEVELOPMENT_TEAM = Z24Z5QFBHM;
				GENERATE_INFOPLIST_FILE = YES;
				MARKETING_VERSION = 1.0;
				PRODUCT_BUNDLE_IDENTIFIER = com.ngoyes.SpoonacularAppUITests;
				PRODUCT_NAME = "$(TARGET_NAME)";
				SWIFT_EMIT_LOC_STRINGS = NO;
				SWIFT_VERSION = 5.0;
				TARGETED_DEVICE_FAMILY = "1,2";
				TEST_TARGET_NAME = SpoonacularApp;
			};
			name = Debug;
		};
		B9F5034929CCDFCE00B7D13C /* Release */ = {
			isa = XCBuildConfiguration;
			buildSettings = {
				ALWAYS_EMBED_SWIFT_STANDARD_LIBRARIES = YES;
				CODE_SIGN_STYLE = Automatic;
				CURRENT_PROJECT_VERSION = 1;
				DEVELOPMENT_TEAM = Z24Z5QFBHM;
				GENERATE_INFOPLIST_FILE = YES;
				MARKETING_VERSION = 1.0;
				PRODUCT_BUNDLE_IDENTIFIER = com.ngoyes.SpoonacularAppUITests;
				PRODUCT_NAME = "$(TARGET_NAME)";
				SWIFT_EMIT_LOC_STRINGS = NO;
				SWIFT_VERSION = 5.0;
				TARGETED_DEVICE_FAMILY = "1,2";
				TEST_TARGET_NAME = SpoonacularApp;
			};
			name = Release;
		};
/* End XCBuildConfiguration section */

/* Begin XCConfigurationList section */
		B9F5031229CCDFCC00B7D13C /* Build configuration list for PBXProject "SpoonacularApp" */ = {
			isa = XCConfigurationList;
			buildConfigurations = (
				B9F5033F29CCDFCE00B7D13C /* Debug */,
				B9F5034029CCDFCE00B7D13C /* Release */,
			);
			defaultConfigurationIsVisible = 0;
			defaultConfigurationName = Release;
		};
		B9F5034129CCDFCE00B7D13C /* Build configuration list for PBXNativeTarget "SpoonacularApp" */ = {
			isa = XCConfigurationList;
			buildConfigurations = (
				B9F5034229CCDFCE00B7D13C /* Debug */,
				B9F5034329CCDFCE00B7D13C /* Release */,
			);
			defaultConfigurationIsVisible = 0;
			defaultConfigurationName = Release;
		};
		B9F5034429CCDFCE00B7D13C /* Build configuration list for PBXNativeTarget "SpoonacularAppTests" */ = {
			isa = XCConfigurationList;
			buildConfigurations = (
				B9F5034529CCDFCE00B7D13C /* Debug */,
				B9F5034629CCDFCE00B7D13C /* Release */,
			);
			defaultConfigurationIsVisible = 0;
			defaultConfigurationName = Release;
		};
		B9F5034729CCDFCE00B7D13C /* Build configuration list for PBXNativeTarget "SpoonacularAppUITests" */ = {
			isa = XCConfigurationList;
			buildConfigurations = (
				B9F5034829CCDFCE00B7D13C /* Debug */,
				B9F5034929CCDFCE00B7D13C /* Release */,
			);
			defaultConfigurationIsVisible = 0;
			defaultConfigurationName = Release;
		};
/* End XCConfigurationList section */

/* Begin XCRemoteSwiftPackageReference section */
		B9F5034A29CCF5AB00B7D13C /* XCRemoteSwiftPackageReference "Alamofire" */ = {
			isa = XCRemoteSwiftPackageReference;
			repositoryURL = "https://github.com/Alamofire/Alamofire.git";
			requirement = {
				branch = master;
				kind = branch;
			};
		};
/* End XCRemoteSwiftPackageReference section */

/* Begin XCSwiftPackageProductDependency section */
		B9F5034B29CCF5AB00B7D13C /* Alamofire */ = {
			isa = XCSwiftPackageProductDependency;
			package = B9F5034A29CCF5AB00B7D13C /* XCRemoteSwiftPackageReference "Alamofire" */;
			productName = Alamofire;
		};
/* End XCSwiftPackageProductDependency section */
	};
	rootObject = B9F5030F29CCDFCC00B7D13C /* Project object */;
}
