// !$*UTF8*$!
{
	archiveVersion = 1;
	classes = {
	};
	objectVersion = 56;
	objects = {

/* Begin PBXBuildFile section */
		B93DD78B29D49DAB0098B2D7 /* DBAddManager.swift in Sources */ = {isa = PBXBuildFile; fileRef = B93DD78A29D49DAB0098B2D7 /* DBAddManager.swift */; };
		B93DD78D29D49F8C0098B2D7 /* DBGetManager.swift in Sources */ = {isa = PBXBuildFile; fileRef = B93DD78C29D49F8C0098B2D7 /* DBGetManager.swift */; };
		B93DD78F29D49FCE0098B2D7 /* DBDeleteManager.swift in Sources */ = {isa = PBXBuildFile; fileRef = B93DD78E29D49FCE0098B2D7 /* DBDeleteManager.swift */; };
		B93DD79329D4F0750098B2D7 /* GetRecipesWebService.swift in Sources */ = {isa = PBXBuildFile; fileRef = B93DD79229D4F0750098B2D7 /* GetRecipesWebService.swift */; };
		B946E47D29CFA0C700315FF2 /* AllRecipesEndpointTests.swift in Sources */ = {isa = PBXBuildFile; fileRef = B946E47C29CFA0C700315FF2 /* AllRecipesEndpointTests.swift */; };
		B946E48129CFA80D00315FF2 /* FilteredRecipesEndpointTests.swift in Sources */ = {isa = PBXBuildFile; fileRef = B946E48029CFA80D00315FF2 /* FilteredRecipesEndpointTests.swift */; };
		B946E48329CFBF3F00315FF2 /* EndpointError.swift in Sources */ = {isa = PBXBuildFile; fileRef = B946E48229CFBF3F00315FF2 /* EndpointError.swift */; };
		B946E48529CFC54100315FF2 /* ImageRecipeEndpointTests.swift in Sources */ = {isa = PBXBuildFile; fileRef = B946E48429CFC54100315FF2 /* ImageRecipeEndpointTests.swift */; };
		B946E48729D0A57700315FF2 /* DetailedRecipeEndpointTests.swift in Sources */ = {isa = PBXBuildFile; fileRef = B946E48629D0A57700315FF2 /* DetailedRecipeEndpointTests.swift */; };
		B946E48929D0E96C00315FF2 /* URLDecomposer.swift in Sources */ = {isa = PBXBuildFile; fileRef = B946E48829D0E96C00315FF2 /* URLDecomposer.swift */; };
		B946E48D29D0ED4B00315FF2 /* MockURLDecomposerProtocol.swift in Sources */ = {isa = PBXBuildFile; fileRef = B946E48C29D0ED4B00315FF2 /* MockURLDecomposerProtocol.swift */; };
		B946E48F29D0F09100315FF2 /* BaseEndpointTests.swift in Sources */ = {isa = PBXBuildFile; fileRef = B946E48E29D0F09100315FF2 /* BaseEndpointTests.swift */; };
		B946E49229D0F7D300315FF2 /* URLDecomposerTests.swift in Sources */ = {isa = PBXBuildFile; fileRef = B946E49129D0F7D300315FF2 /* URLDecomposerTests.swift */; };
		B946E49429D0F9BC00315FF2 /* DecomposedURL.swift in Sources */ = {isa = PBXBuildFile; fileRef = B946E49329D0F9BC00315FF2 /* DecomposedURL.swift */; };
		B946E49729D0FBF900315FF2 /* WebServiceTests.swift in Sources */ = {isa = PBXBuildFile; fileRef = B946E49629D0FBF900315FF2 /* WebServiceTests.swift */; };
		B946E49929D0FFF800315FF2 /* MockURLProtocol.swift in Sources */ = {isa = PBXBuildFile; fileRef = B946E49829D0FFF700315FF2 /* MockURLProtocol.swift */; };
		B95E25F929D649160040F772 /* FilteringUseCase.swift in Sources */ = {isa = PBXBuildFile; fileRef = B95E25F829D649160040F772 /* FilteringUseCase.swift */; };
		B95E25FB29D6494E0040F772 /* RecipesRetrieverUseCase.swift in Sources */ = {isa = PBXBuildFile; fileRef = B95E25FA29D6494E0040F772 /* RecipesRetrieverUseCase.swift */; };
		B95E25FD29D649790040F772 /* SavingFavoriteUseCase.swift in Sources */ = {isa = PBXBuildFile; fileRef = B95E25FC29D649790040F772 /* SavingFavoriteUseCase.swift */; };
		B95E260229D64DDB0040F772 /* GetRecipesWithImagesWebService.swift in Sources */ = {isa = PBXBuildFile; fileRef = B95E260129D64DDB0040F772 /* GetRecipesWithImagesWebService.swift */; };
		B95E260429D64E660040F772 /* RecipeWithImageModel.swift in Sources */ = {isa = PBXBuildFile; fileRef = B95E260329D64E660040F772 /* RecipeWithImageModel.swift */; };
		B95E260629D64F520040F772 /* RecipesToRecipesWithImages.swift in Sources */ = {isa = PBXBuildFile; fileRef = B95E260529D64F520040F772 /* RecipesToRecipesWithImages.swift */; };
		B95E260C29D663F40040F772 /* DeleteFavoriteUseCase.swift in Sources */ = {isa = PBXBuildFile; fileRef = B95E260B29D663F40040F772 /* DeleteFavoriteUseCase.swift */; };
		B970212729D5E886004A68B6 /* RecipesViewController.swift in Sources */ = {isa = PBXBuildFile; fileRef = B970212629D5E886004A68B6 /* RecipesViewController.swift */; };
		B970212929D5E88F004A68B6 /* FavoritesTableViewController.swift in Sources */ = {isa = PBXBuildFile; fileRef = B970212829D5E88F004A68B6 /* FavoritesTableViewController.swift */; };
		B970212B29D5E89C004A68B6 /* DetailsViewController.swift in Sources */ = {isa = PBXBuildFile; fileRef = B970212A29D5E89C004A68B6 /* DetailsViewController.swift */; };
		B970212E29D6211C004A68B6 /* AllRecipesAPIToModelMap.swift in Sources */ = {isa = PBXBuildFile; fileRef = B970212D29D6211C004A68B6 /* AllRecipesAPIToModelMap.swift */; };
		B970213029D62133004A68B6 /* DetailedRecipeAPIToModelMap.swift in Sources */ = {isa = PBXBuildFile; fileRef = B970212F29D62133004A68B6 /* DetailedRecipeAPIToModelMap.swift */; };
		B970213229D6215E004A68B6 /* FilteredRecipesAPIToModelMap.swift in Sources */ = {isa = PBXBuildFile; fileRef = B970213129D6215E004A68B6 /* FilteredRecipesAPIToModelMap.swift */; };
		B970213A29D62718004A68B6 /* FavoriteRecipeToObject.swift in Sources */ = {isa = PBXBuildFile; fileRef = B970213929D62718004A68B6 /* FavoriteRecipeToObject.swift */; };
		B970214329D629B1004A68B6 /* RecipesPresenter.swift in Sources */ = {isa = PBXBuildFile; fileRef = B970214229D629B1004A68B6 /* RecipesPresenter.swift */; };
		B970214529D629C0004A68B6 /* RecipesPresenterBuilder.swift in Sources */ = {isa = PBXBuildFile; fileRef = B970214429D629C0004A68B6 /* RecipesPresenterBuilder.swift */; };
		B970214729D6388B004A68B6 /* DetailsPresenter.swift in Sources */ = {isa = PBXBuildFile; fileRef = B970214629D6388B004A68B6 /* DetailsPresenter.swift */; };
		B970214929D63897004A68B6 /* DetailsPresenterBuilder.swift in Sources */ = {isa = PBXBuildFile; fileRef = B970214829D63897004A68B6 /* DetailsPresenterBuilder.swift */; };
		B970214B29D638C7004A68B6 /* FavoritesPresenter.swift in Sources */ = {isa = PBXBuildFile; fileRef = B970214A29D638C7004A68B6 /* FavoritesPresenter.swift */; };
		B970214D29D638D6004A68B6 /* FavoritesPresenterBuilder.swift in Sources */ = {isa = PBXBuildFile; fileRef = B970214C29D638D6004A68B6 /* FavoritesPresenterBuilder.swift */; };
		B98D876D29D507E600EDF9A0 /* DetailedRecipe.swift in Sources */ = {isa = PBXBuildFile; fileRef = B98D876C29D507E600EDF9A0 /* DetailedRecipe.swift */; };
		B98D876F29D5083E00EDF9A0 /* CaloricBreakdown.swift in Sources */ = {isa = PBXBuildFile; fileRef = B98D876E29D5083E00EDF9A0 /* CaloricBreakdown.swift */; };
		B98D877129D5085C00EDF9A0 /* Nutrition.swift in Sources */ = {isa = PBXBuildFile; fileRef = B98D877029D5085C00EDF9A0 /* Nutrition.swift */; };
		B98D877329D50F1A00EDF9A0 /* DetailedRecipeWebService.swift in Sources */ = {isa = PBXBuildFile; fileRef = B98D877229D50F1A00EDF9A0 /* DetailedRecipeWebService.swift */; };
		B98D877529D50FD400EDF9A0 /* FilteredRecipesWebService.swift in Sources */ = {isa = PBXBuildFile; fileRef = B98D877429D50FD400EDF9A0 /* FilteredRecipesWebService.swift */; };
		B98D877729D5105100EDF9A0 /* ImageWebService.swift in Sources */ = {isa = PBXBuildFile; fileRef = B98D877629D5105100EDF9A0 /* ImageWebService.swift */; };
		B9CC12F829D33C18006711C7 /* Realm in Frameworks */ = {isa = PBXBuildFile; productRef = B9CC12F729D33C18006711C7 /* Realm */; };
		B9CC12FA29D33C18006711C7 /* RealmSwift in Frameworks */ = {isa = PBXBuildFile; productRef = B9CC12F929D33C18006711C7 /* RealmSwift */; };
		B9CC12FD29D33E47006711C7 /* DatabaseManager.swift in Sources */ = {isa = PBXBuildFile; fileRef = B9CC12FC29D33E47006711C7 /* DatabaseManager.swift */; };
		B9CC130129D36451006711C7 /* FavoriteRecipeObject.swift in Sources */ = {isa = PBXBuildFile; fileRef = B9CC130029D36451006711C7 /* FavoriteRecipeObject.swift */; };
		B9CC130429D36612006711C7 /* FavoriteRecipe.swift in Sources */ = {isa = PBXBuildFile; fileRef = B9CC130329D36612006711C7 /* FavoriteRecipe.swift */; };
		B9F02DEF29D37C150035507E /* DetailedRecipeAPI.swift in Sources */ = {isa = PBXBuildFile; fileRef = B9F02DEE29D37C150035507E /* DetailedRecipeAPI.swift */; };
		B9F02DFD29D37CFD0035507E /* IngredientsAPI.swift in Sources */ = {isa = PBXBuildFile; fileRef = B9F02DF129D37CFC0035507E /* IngredientsAPI.swift */; };
		B9F02DFE29D37CFD0035507E /* ExtendedIngredientsAPI.swift in Sources */ = {isa = PBXBuildFile; fileRef = B9F02DF229D37CFD0035507E /* ExtendedIngredientsAPI.swift */; };
		B9F02DFF29D37CFD0035507E /* NutrientsAPI.swift in Sources */ = {isa = PBXBuildFile; fileRef = B9F02DF329D37CFD0035507E /* NutrientsAPI.swift */; };
		B9F02E0029D37CFD0035507E /* CaloricBreakdownAPI.swift in Sources */ = {isa = PBXBuildFile; fileRef = B9F02DF429D37CFD0035507E /* CaloricBreakdownAPI.swift */; };
		B9F02E0129D37CFD0035507E /* MetricAPI.swift in Sources */ = {isa = PBXBuildFile; fileRef = B9F02DF529D37CFD0035507E /* MetricAPI.swift */; };
		B9F02E0229D37CFD0035507E /* MeasuresAPI.swift in Sources */ = {isa = PBXBuildFile; fileRef = B9F02DF629D37CFD0035507E /* MeasuresAPI.swift */; };
		B9F02E0329D37CFD0035507E /* FlavonoidsAPI.swift in Sources */ = {isa = PBXBuildFile; fileRef = B9F02DF729D37CFD0035507E /* FlavonoidsAPI.swift */; };
		B9F02E0429D37CFD0035507E /* WinePairingAPI.swift in Sources */ = {isa = PBXBuildFile; fileRef = B9F02DF829D37CFD0035507E /* WinePairingAPI.swift */; };
		B9F02E0529D37CFD0035507E /* NutritionAPI.swift in Sources */ = {isa = PBXBuildFile; fileRef = B9F02DF929D37CFD0035507E /* NutritionAPI.swift */; };
		B9F02E0629D37CFD0035507E /* PropertiesAPI.swift in Sources */ = {isa = PBXBuildFile; fileRef = B9F02DFA29D37CFD0035507E /* PropertiesAPI.swift */; };
		B9F02E0729D37CFD0035507E /* USMetricAPI.swift in Sources */ = {isa = PBXBuildFile; fileRef = B9F02DFB29D37CFD0035507E /* USMetricAPI.swift */; };
		B9F02E0829D37CFD0035507E /* WeightPerServingAPI.swift in Sources */ = {isa = PBXBuildFile; fileRef = B9F02DFC29D37CFD0035507E /* WeightPerServingAPI.swift */; };
		B9F02E0B29D37D6D0035507E /* RecipesAPI.swift in Sources */ = {isa = PBXBuildFile; fileRef = B9F02E0A29D37D6D0035507E /* RecipesAPI.swift */; };
		B9F02E0D29D37D7D0035507E /* AllRecipesAPI.swift in Sources */ = {isa = PBXBuildFile; fileRef = B9F02E0C29D37D7D0035507E /* AllRecipesAPI.swift */; };
		B9F02E1029D37E5C0035507E /* FilteredRecipeAPI.swift in Sources */ = {isa = PBXBuildFile; fileRef = B9F02E0E29D37E5C0035507E /* FilteredRecipeAPI.swift */; };
		B9F02E1729D3820D0035507E /* AllRecipesModel.swift in Sources */ = {isa = PBXBuildFile; fileRef = B9F02E1629D3820D0035507E /* AllRecipesModel.swift */; };
		B9F02E1929D38D100035507E /* DetailedRecipeModel.swift in Sources */ = {isa = PBXBuildFile; fileRef = B9F02E1829D38D100035507E /* DetailedRecipeModel.swift */; };
		B9F02E1B29D38F170035507E /* FilteredRecipesModel.swift in Sources */ = {isa = PBXBuildFile; fileRef = B9F02E1A29D38F170035507E /* FilteredRecipesModel.swift */; };
		B9F02E1D29D38FC00035507E /* Recipe.swift in Sources */ = {isa = PBXBuildFile; fileRef = B9F02E1C29D38FC00035507E /* Recipe.swift */; };
		B9F02E2229D3B7240035507E /* Results+MapArray.swift in Sources */ = {isa = PBXBuildFile; fileRef = B9F02E2129D3B7240035507E /* Results+MapArray.swift */; };
		B9F5031B29CCDFCC00B7D13C /* AppDelegate.swift in Sources */ = {isa = PBXBuildFile; fileRef = B9F5031A29CCDFCC00B7D13C /* AppDelegate.swift */; };
		B9F5031D29CCDFCC00B7D13C /* SceneDelegate.swift in Sources */ = {isa = PBXBuildFile; fileRef = B9F5031C29CCDFCC00B7D13C /* SceneDelegate.swift */; };
		B9F5031F29CCDFCC00B7D13C /* ViewController.swift in Sources */ = {isa = PBXBuildFile; fileRef = B9F5031E29CCDFCC00B7D13C /* ViewController.swift */; };
		B9F5032229CCDFCC00B7D13C /* Main.storyboard in Resources */ = {isa = PBXBuildFile; fileRef = B9F5032029CCDFCC00B7D13C /* Main.storyboard */; };
		B9F5032429CCDFCE00B7D13C /* Assets.xcassets in Resources */ = {isa = PBXBuildFile; fileRef = B9F5032329CCDFCE00B7D13C /* Assets.xcassets */; };
		B9F5032729CCDFCE00B7D13C /* LaunchScreen.storyboard in Resources */ = {isa = PBXBuildFile; fileRef = B9F5032529CCDFCE00B7D13C /* LaunchScreen.storyboard */; };
		B9F5033C29CCDFCE00B7D13C /* SpoonacularAppUITests.swift in Sources */ = {isa = PBXBuildFile; fileRef = B9F5033B29CCDFCE00B7D13C /* SpoonacularAppUITests.swift */; };
		B9F5033E29CCDFCE00B7D13C /* SpoonacularAppUITestsLaunchTests.swift in Sources */ = {isa = PBXBuildFile; fileRef = B9F5033D29CCDFCE00B7D13C /* SpoonacularAppUITestsLaunchTests.swift */; };
		B9F5034C29CCF5AB00B7D13C /* Alamofire in Frameworks */ = {isa = PBXBuildFile; productRef = B9F5034B29CCF5AB00B7D13C /* Alamofire */; };
		B9F5034F29CCF6D200B7D13C /* WebService.swift in Sources */ = {isa = PBXBuildFile; fileRef = B9F5034E29CCF6D200B7D13C /* WebService.swift */; };
		B9F5035729CD040800B7D13C /* Utils.swift in Sources */ = {isa = PBXBuildFile; fileRef = B9F5035629CD040800B7D13C /* Utils.swift */; };
		B9F5035C29CD0CF500B7D13C /* BaseEndpoint.swift in Sources */ = {isa = PBXBuildFile; fileRef = B9F5035B29CD0CF500B7D13C /* BaseEndpoint.swift */; };
		B9F5035E29CD0E6D00B7D13C /* AllRecipesEndpoint.swift in Sources */ = {isa = PBXBuildFile; fileRef = B9F5035D29CD0E6D00B7D13C /* AllRecipesEndpoint.swift */; };
		B9F5036029CD100300B7D13C /* ImageRecipeEndpoint.swift in Sources */ = {isa = PBXBuildFile; fileRef = B9F5035F29CD100300B7D13C /* ImageRecipeEndpoint.swift */; };
		B9F5036229CD21B700B7D13C /* DetailedRecipeEndpoint.swift in Sources */ = {isa = PBXBuildFile; fileRef = B9F5036129CD21B700B7D13C /* DetailedRecipeEndpoint.swift */; };
		B9F5036429CD24F200B7D13C /* FilteredRecipesEndpoint.swift in Sources */ = {isa = PBXBuildFile; fileRef = B9F5036329CD24F200B7D13C /* FilteredRecipesEndpoint.swift */; };
/* End PBXBuildFile section */

/* Begin PBXContainerItemProxy section */
		B9F5032E29CCDFCE00B7D13C /* PBXContainerItemProxy */ = {
			isa = PBXContainerItemProxy;
			containerPortal = B9F5030F29CCDFCC00B7D13C /* Project object */;
			proxyType = 1;
			remoteGlobalIDString = B9F5031629CCDFCC00B7D13C;
			remoteInfo = SpoonacularApp;
		};
		B9F5033829CCDFCE00B7D13C /* PBXContainerItemProxy */ = {
			isa = PBXContainerItemProxy;
			containerPortal = B9F5030F29CCDFCC00B7D13C /* Project object */;
			proxyType = 1;
			remoteGlobalIDString = B9F5031629CCDFCC00B7D13C;
			remoteInfo = SpoonacularApp;
		};
/* End PBXContainerItemProxy section */

/* Begin PBXFileReference section */
		B93DD78A29D49DAB0098B2D7 /* DBAddManager.swift */ = {isa = PBXFileReference; lastKnownFileType = sourcecode.swift; path = DBAddManager.swift; sourceTree = "<group>"; };
		B93DD78C29D49F8C0098B2D7 /* DBGetManager.swift */ = {isa = PBXFileReference; lastKnownFileType = sourcecode.swift; path = DBGetManager.swift; sourceTree = "<group>"; };
		B93DD78E29D49FCE0098B2D7 /* DBDeleteManager.swift */ = {isa = PBXFileReference; lastKnownFileType = sourcecode.swift; path = DBDeleteManager.swift; sourceTree = "<group>"; };
		B93DD79229D4F0750098B2D7 /* GetRecipesWebService.swift */ = {isa = PBXFileReference; lastKnownFileType = sourcecode.swift; path = GetRecipesWebService.swift; sourceTree = "<group>"; };
		B946E47C29CFA0C700315FF2 /* AllRecipesEndpointTests.swift */ = {isa = PBXFileReference; lastKnownFileType = sourcecode.swift; path = AllRecipesEndpointTests.swift; sourceTree = "<group>"; };
		B946E48029CFA80D00315FF2 /* FilteredRecipesEndpointTests.swift */ = {isa = PBXFileReference; lastKnownFileType = sourcecode.swift; path = FilteredRecipesEndpointTests.swift; sourceTree = "<group>"; };
		B946E48229CFBF3F00315FF2 /* EndpointError.swift */ = {isa = PBXFileReference; lastKnownFileType = sourcecode.swift; path = EndpointError.swift; sourceTree = "<group>"; };
		B946E48429CFC54100315FF2 /* ImageRecipeEndpointTests.swift */ = {isa = PBXFileReference; lastKnownFileType = sourcecode.swift; path = ImageRecipeEndpointTests.swift; sourceTree = "<group>"; };
		B946E48629D0A57700315FF2 /* DetailedRecipeEndpointTests.swift */ = {isa = PBXFileReference; lastKnownFileType = sourcecode.swift; path = DetailedRecipeEndpointTests.swift; sourceTree = "<group>"; };
		B946E48829D0E96C00315FF2 /* URLDecomposer.swift */ = {isa = PBXFileReference; lastKnownFileType = sourcecode.swift; path = URLDecomposer.swift; sourceTree = "<group>"; };
		B946E48C29D0ED4B00315FF2 /* MockURLDecomposerProtocol.swift */ = {isa = PBXFileReference; lastKnownFileType = sourcecode.swift; path = MockURLDecomposerProtocol.swift; sourceTree = "<group>"; };
		B946E48E29D0F09100315FF2 /* BaseEndpointTests.swift */ = {isa = PBXFileReference; lastKnownFileType = sourcecode.swift; path = BaseEndpointTests.swift; sourceTree = "<group>"; };
		B946E49129D0F7D300315FF2 /* URLDecomposerTests.swift */ = {isa = PBXFileReference; lastKnownFileType = sourcecode.swift; path = URLDecomposerTests.swift; sourceTree = "<group>"; };
		B946E49329D0F9BC00315FF2 /* DecomposedURL.swift */ = {isa = PBXFileReference; lastKnownFileType = sourcecode.swift; path = DecomposedURL.swift; sourceTree = "<group>"; };
		B946E49629D0FBF900315FF2 /* WebServiceTests.swift */ = {isa = PBXFileReference; lastKnownFileType = sourcecode.swift; path = WebServiceTests.swift; sourceTree = "<group>"; };
		B946E49829D0FFF700315FF2 /* MockURLProtocol.swift */ = {isa = PBXFileReference; lastKnownFileType = sourcecode.swift; path = MockURLProtocol.swift; sourceTree = "<group>"; };
		B95E25F829D649160040F772 /* FilteringUseCase.swift */ = {isa = PBXFileReference; lastKnownFileType = sourcecode.swift; path = FilteringUseCase.swift; sourceTree = "<group>"; };
		B95E25FA29D6494E0040F772 /* RecipesRetrieverUseCase.swift */ = {isa = PBXFileReference; lastKnownFileType = sourcecode.swift; path = RecipesRetrieverUseCase.swift; sourceTree = "<group>"; };
		B95E25FC29D649790040F772 /* SavingFavoriteUseCase.swift */ = {isa = PBXFileReference; lastKnownFileType = sourcecode.swift; path = SavingFavoriteUseCase.swift; sourceTree = "<group>"; };
		B95E260129D64DDB0040F772 /* GetRecipesWithImagesWebService.swift */ = {isa = PBXFileReference; lastKnownFileType = sourcecode.swift; path = GetRecipesWithImagesWebService.swift; sourceTree = "<group>"; };
		B95E260329D64E660040F772 /* RecipeWithImageModel.swift */ = {isa = PBXFileReference; lastKnownFileType = sourcecode.swift; path = RecipeWithImageModel.swift; sourceTree = "<group>"; };
		B95E260529D64F520040F772 /* RecipesToRecipesWithImages.swift */ = {isa = PBXFileReference; lastKnownFileType = sourcecode.swift; path = RecipesToRecipesWithImages.swift; sourceTree = "<group>"; };
		B95E260B29D663F40040F772 /* DeleteFavoriteUseCase.swift */ = {isa = PBXFileReference; lastKnownFileType = sourcecode.swift; path = DeleteFavoriteUseCase.swift; sourceTree = "<group>"; };
		B970212629D5E886004A68B6 /* RecipesViewController.swift */ = {isa = PBXFileReference; lastKnownFileType = sourcecode.swift; path = RecipesViewController.swift; sourceTree = "<group>"; };
		B970212829D5E88F004A68B6 /* FavoritesTableViewController.swift */ = {isa = PBXFileReference; lastKnownFileType = sourcecode.swift; path = FavoritesTableViewController.swift; sourceTree = "<group>"; };
		B970212A29D5E89C004A68B6 /* DetailsViewController.swift */ = {isa = PBXFileReference; lastKnownFileType = sourcecode.swift; path = DetailsViewController.swift; sourceTree = "<group>"; };
		B970212D29D6211C004A68B6 /* AllRecipesAPIToModelMap.swift */ = {isa = PBXFileReference; lastKnownFileType = sourcecode.swift; path = AllRecipesAPIToModelMap.swift; sourceTree = "<group>"; };
		B970212F29D62133004A68B6 /* DetailedRecipeAPIToModelMap.swift */ = {isa = PBXFileReference; lastKnownFileType = sourcecode.swift; path = DetailedRecipeAPIToModelMap.swift; sourceTree = "<group>"; };
		B970213129D6215E004A68B6 /* FilteredRecipesAPIToModelMap.swift */ = {isa = PBXFileReference; lastKnownFileType = sourcecode.swift; path = FilteredRecipesAPIToModelMap.swift; sourceTree = "<group>"; };
		B970213929D62718004A68B6 /* FavoriteRecipeToObject.swift */ = {isa = PBXFileReference; fileEncoding = 4; lastKnownFileType = sourcecode.swift; path = FavoriteRecipeToObject.swift; sourceTree = "<group>"; };
		B970214229D629B1004A68B6 /* RecipesPresenter.swift */ = {isa = PBXFileReference; lastKnownFileType = sourcecode.swift; path = RecipesPresenter.swift; sourceTree = "<group>"; };
		B970214429D629C0004A68B6 /* RecipesPresenterBuilder.swift */ = {isa = PBXFileReference; lastKnownFileType = sourcecode.swift; path = RecipesPresenterBuilder.swift; sourceTree = "<group>"; };
		B970214629D6388B004A68B6 /* DetailsPresenter.swift */ = {isa = PBXFileReference; lastKnownFileType = sourcecode.swift; path = DetailsPresenter.swift; sourceTree = "<group>"; };
		B970214829D63897004A68B6 /* DetailsPresenterBuilder.swift */ = {isa = PBXFileReference; lastKnownFileType = sourcecode.swift; path = DetailsPresenterBuilder.swift; sourceTree = "<group>"; };
		B970214A29D638C7004A68B6 /* FavoritesPresenter.swift */ = {isa = PBXFileReference; lastKnownFileType = sourcecode.swift; path = FavoritesPresenter.swift; sourceTree = "<group>"; };
		B970214C29D638D6004A68B6 /* FavoritesPresenterBuilder.swift */ = {isa = PBXFileReference; lastKnownFileType = sourcecode.swift; path = FavoritesPresenterBuilder.swift; sourceTree = "<group>"; };
		B98D876C29D507E600EDF9A0 /* DetailedRecipe.swift */ = {isa = PBXFileReference; lastKnownFileType = sourcecode.swift; path = DetailedRecipe.swift; sourceTree = "<group>"; };
		B98D876E29D5083E00EDF9A0 /* CaloricBreakdown.swift */ = {isa = PBXFileReference; lastKnownFileType = sourcecode.swift; path = CaloricBreakdown.swift; sourceTree = "<group>"; };
		B98D877029D5085C00EDF9A0 /* Nutrition.swift */ = {isa = PBXFileReference; lastKnownFileType = sourcecode.swift; path = Nutrition.swift; sourceTree = "<group>"; };
		B98D877229D50F1A00EDF9A0 /* DetailedRecipeWebService.swift */ = {isa = PBXFileReference; lastKnownFileType = sourcecode.swift; path = DetailedRecipeWebService.swift; sourceTree = "<group>"; };
		B98D877429D50FD400EDF9A0 /* FilteredRecipesWebService.swift */ = {isa = PBXFileReference; lastKnownFileType = sourcecode.swift; path = FilteredRecipesWebService.swift; sourceTree = "<group>"; };
		B98D877629D5105100EDF9A0 /* ImageWebService.swift */ = {isa = PBXFileReference; lastKnownFileType = sourcecode.swift; path = ImageWebService.swift; sourceTree = "<group>"; };
		B9CC12FC29D33E47006711C7 /* DatabaseManager.swift */ = {isa = PBXFileReference; lastKnownFileType = sourcecode.swift; path = DatabaseManager.swift; sourceTree = "<group>"; };
		B9CC130029D36451006711C7 /* FavoriteRecipeObject.swift */ = {isa = PBXFileReference; lastKnownFileType = sourcecode.swift; path = FavoriteRecipeObject.swift; sourceTree = "<group>"; };
		B9CC130329D36612006711C7 /* FavoriteRecipe.swift */ = {isa = PBXFileReference; lastKnownFileType = sourcecode.swift; path = FavoriteRecipe.swift; sourceTree = "<group>"; };
		B9F02DEE29D37C150035507E /* DetailedRecipeAPI.swift */ = {isa = PBXFileReference; lastKnownFileType = sourcecode.swift; path = DetailedRecipeAPI.swift; sourceTree = "<group>"; };
		B9F02DF129D37CFC0035507E /* IngredientsAPI.swift */ = {isa = PBXFileReference; fileEncoding = 4; lastKnownFileType = sourcecode.swift; path = IngredientsAPI.swift; sourceTree = "<group>"; };
		B9F02DF229D37CFD0035507E /* ExtendedIngredientsAPI.swift */ = {isa = PBXFileReference; fileEncoding = 4; lastKnownFileType = sourcecode.swift; path = ExtendedIngredientsAPI.swift; sourceTree = "<group>"; };
		B9F02DF329D37CFD0035507E /* NutrientsAPI.swift */ = {isa = PBXFileReference; fileEncoding = 4; lastKnownFileType = sourcecode.swift; path = NutrientsAPI.swift; sourceTree = "<group>"; };
		B9F02DF429D37CFD0035507E /* CaloricBreakdownAPI.swift */ = {isa = PBXFileReference; fileEncoding = 4; lastKnownFileType = sourcecode.swift; path = CaloricBreakdownAPI.swift; sourceTree = "<group>"; };
		B9F02DF529D37CFD0035507E /* MetricAPI.swift */ = {isa = PBXFileReference; fileEncoding = 4; lastKnownFileType = sourcecode.swift; path = MetricAPI.swift; sourceTree = "<group>"; };
		B9F02DF629D37CFD0035507E /* MeasuresAPI.swift */ = {isa = PBXFileReference; fileEncoding = 4; lastKnownFileType = sourcecode.swift; path = MeasuresAPI.swift; sourceTree = "<group>"; };
		B9F02DF729D37CFD0035507E /* FlavonoidsAPI.swift */ = {isa = PBXFileReference; fileEncoding = 4; lastKnownFileType = sourcecode.swift; path = FlavonoidsAPI.swift; sourceTree = "<group>"; };
		B9F02DF829D37CFD0035507E /* WinePairingAPI.swift */ = {isa = PBXFileReference; fileEncoding = 4; lastKnownFileType = sourcecode.swift; path = WinePairingAPI.swift; sourceTree = "<group>"; };
		B9F02DF929D37CFD0035507E /* NutritionAPI.swift */ = {isa = PBXFileReference; fileEncoding = 4; lastKnownFileType = sourcecode.swift; path = NutritionAPI.swift; sourceTree = "<group>"; };
		B9F02DFA29D37CFD0035507E /* PropertiesAPI.swift */ = {isa = PBXFileReference; fileEncoding = 4; lastKnownFileType = sourcecode.swift; path = PropertiesAPI.swift; sourceTree = "<group>"; };
		B9F02DFB29D37CFD0035507E /* USMetricAPI.swift */ = {isa = PBXFileReference; fileEncoding = 4; lastKnownFileType = sourcecode.swift; path = USMetricAPI.swift; sourceTree = "<group>"; };
		B9F02DFC29D37CFD0035507E /* WeightPerServingAPI.swift */ = {isa = PBXFileReference; fileEncoding = 4; lastKnownFileType = sourcecode.swift; path = WeightPerServingAPI.swift; sourceTree = "<group>"; };
		B9F02E0A29D37D6D0035507E /* RecipesAPI.swift */ = {isa = PBXFileReference; fileEncoding = 4; lastKnownFileType = sourcecode.swift; path = RecipesAPI.swift; sourceTree = "<group>"; };
		B9F02E0C29D37D7D0035507E /* AllRecipesAPI.swift */ = {isa = PBXFileReference; lastKnownFileType = sourcecode.swift; path = AllRecipesAPI.swift; sourceTree = "<group>"; };
		B9F02E0E29D37E5C0035507E /* FilteredRecipeAPI.swift */ = {isa = PBXFileReference; fileEncoding = 4; lastKnownFileType = sourcecode.swift; path = FilteredRecipeAPI.swift; sourceTree = "<group>"; };
		B9F02E1629D3820D0035507E /* AllRecipesModel.swift */ = {isa = PBXFileReference; lastKnownFileType = sourcecode.swift; path = AllRecipesModel.swift; sourceTree = "<group>"; };
		B9F02E1829D38D100035507E /* DetailedRecipeModel.swift */ = {isa = PBXFileReference; lastKnownFileType = sourcecode.swift; path = DetailedRecipeModel.swift; sourceTree = "<group>"; };
		B9F02E1A29D38F170035507E /* FilteredRecipesModel.swift */ = {isa = PBXFileReference; lastKnownFileType = sourcecode.swift; path = FilteredRecipesModel.swift; sourceTree = "<group>"; };
		B9F02E1C29D38FC00035507E /* Recipe.swift */ = {isa = PBXFileReference; lastKnownFileType = sourcecode.swift; path = Recipe.swift; sourceTree = "<group>"; };
		B9F02E2129D3B7240035507E /* Results+MapArray.swift */ = {isa = PBXFileReference; lastKnownFileType = sourcecode.swift; path = "Results+MapArray.swift"; sourceTree = "<group>"; };
		B9F5031729CCDFCC00B7D13C /* SpoonacularApp.app */ = {isa = PBXFileReference; explicitFileType = wrapper.application; includeInIndex = 0; path = SpoonacularApp.app; sourceTree = BUILT_PRODUCTS_DIR; };
		B9F5031A29CCDFCC00B7D13C /* AppDelegate.swift */ = {isa = PBXFileReference; lastKnownFileType = sourcecode.swift; path = AppDelegate.swift; sourceTree = "<group>"; };
		B9F5031C29CCDFCC00B7D13C /* SceneDelegate.swift */ = {isa = PBXFileReference; lastKnownFileType = sourcecode.swift; path = SceneDelegate.swift; sourceTree = "<group>"; };
		B9F5031E29CCDFCC00B7D13C /* ViewController.swift */ = {isa = PBXFileReference; lastKnownFileType = sourcecode.swift; path = ViewController.swift; sourceTree = "<group>"; };
		B9F5032129CCDFCC00B7D13C /* Base */ = {isa = PBXFileReference; lastKnownFileType = file.storyboard; name = Base; path = Base.lproj/Main.storyboard; sourceTree = "<group>"; };
		B9F5032329CCDFCE00B7D13C /* Assets.xcassets */ = {isa = PBXFileReference; lastKnownFileType = folder.assetcatalog; path = Assets.xcassets; sourceTree = "<group>"; };
		B9F5032629CCDFCE00B7D13C /* Base */ = {isa = PBXFileReference; lastKnownFileType = file.storyboard; name = Base; path = Base.lproj/LaunchScreen.storyboard; sourceTree = "<group>"; };
		B9F5032829CCDFCE00B7D13C /* Info.plist */ = {isa = PBXFileReference; lastKnownFileType = text.plist.xml; path = Info.plist; sourceTree = "<group>"; };
		B9F5032D29CCDFCE00B7D13C /* SpoonacularAppTests.xctest */ = {isa = PBXFileReference; explicitFileType = wrapper.cfbundle; includeInIndex = 0; path = SpoonacularAppTests.xctest; sourceTree = BUILT_PRODUCTS_DIR; };
		B9F5033729CCDFCE00B7D13C /* SpoonacularAppUITests.xctest */ = {isa = PBXFileReference; explicitFileType = wrapper.cfbundle; includeInIndex = 0; path = SpoonacularAppUITests.xctest; sourceTree = BUILT_PRODUCTS_DIR; };
		B9F5033B29CCDFCE00B7D13C /* SpoonacularAppUITests.swift */ = {isa = PBXFileReference; lastKnownFileType = sourcecode.swift; path = SpoonacularAppUITests.swift; sourceTree = "<group>"; };
		B9F5033D29CCDFCE00B7D13C /* SpoonacularAppUITestsLaunchTests.swift */ = {isa = PBXFileReference; lastKnownFileType = sourcecode.swift; path = SpoonacularAppUITestsLaunchTests.swift; sourceTree = "<group>"; };
		B9F5034E29CCF6D200B7D13C /* WebService.swift */ = {isa = PBXFileReference; lastKnownFileType = sourcecode.swift; path = WebService.swift; sourceTree = "<group>"; };
		B9F5035629CD040800B7D13C /* Utils.swift */ = {isa = PBXFileReference; lastKnownFileType = sourcecode.swift; path = Utils.swift; sourceTree = "<group>"; };
		B9F5035B29CD0CF500B7D13C /* BaseEndpoint.swift */ = {isa = PBXFileReference; lastKnownFileType = sourcecode.swift; path = BaseEndpoint.swift; sourceTree = "<group>"; };
		B9F5035D29CD0E6D00B7D13C /* AllRecipesEndpoint.swift */ = {isa = PBXFileReference; lastKnownFileType = sourcecode.swift; path = AllRecipesEndpoint.swift; sourceTree = "<group>"; };
		B9F5035F29CD100300B7D13C /* ImageRecipeEndpoint.swift */ = {isa = PBXFileReference; lastKnownFileType = sourcecode.swift; path = ImageRecipeEndpoint.swift; sourceTree = "<group>"; };
		B9F5036129CD21B700B7D13C /* DetailedRecipeEndpoint.swift */ = {isa = PBXFileReference; lastKnownFileType = sourcecode.swift; path = DetailedRecipeEndpoint.swift; sourceTree = "<group>"; };
		B9F5036329CD24F200B7D13C /* FilteredRecipesEndpoint.swift */ = {isa = PBXFileReference; lastKnownFileType = sourcecode.swift; path = FilteredRecipesEndpoint.swift; sourceTree = "<group>"; };
/* End PBXFileReference section */

/* Begin PBXFrameworksBuildPhase section */
		B9F5031429CCDFCC00B7D13C /* Frameworks */ = {
			isa = PBXFrameworksBuildPhase;
			buildActionMask = 2147483647;
			files = (
				B9CC12FA29D33C18006711C7 /* RealmSwift in Frameworks */,
				B9CC12F829D33C18006711C7 /* Realm in Frameworks */,
				B9F5034C29CCF5AB00B7D13C /* Alamofire in Frameworks */,
			);
			runOnlyForDeploymentPostprocessing = 0;
		};
		B9F5032A29CCDFCE00B7D13C /* Frameworks */ = {
			isa = PBXFrameworksBuildPhase;
			buildActionMask = 2147483647;
			files = (
			);
			runOnlyForDeploymentPostprocessing = 0;
		};
		B9F5033429CCDFCE00B7D13C /* Frameworks */ = {
			isa = PBXFrameworksBuildPhase;
			buildActionMask = 2147483647;
			files = (
			);
			runOnlyForDeploymentPostprocessing = 0;
		};
/* End PBXFrameworksBuildPhase section */

/* Begin PBXGroup section */
		B93DD78929D49D9C0098B2D7 /* Infrastructure */ = {
			isa = PBXGroup;
			children = (
				B9CC12FC29D33E47006711C7 /* DatabaseManager.swift */,
				B93DD78A29D49DAB0098B2D7 /* DBAddManager.swift */,
				B93DD78C29D49F8C0098B2D7 /* DBGetManager.swift */,
				B93DD78E29D49FCE0098B2D7 /* DBDeleteManager.swift */,
			);
			path = Infrastructure;
			sourceTree = "<group>";
		};
		B93DD79029D4A0BC0098B2D7 /* DTOToObject */ = {
			isa = PBXGroup;
			children = (
				B9CC130329D36612006711C7 /* FavoriteRecipe.swift */,
				B9CC130029D36451006711C7 /* FavoriteRecipeObject.swift */,
				B970213929D62718004A68B6 /* FavoriteRecipeToObject.swift */,
			);
			path = DTOToObject;
			sourceTree = "<group>";
		};
		B93DD79129D4F0270098B2D7 /* Services */ = {
			isa = PBXGroup;
			children = (
				B9F5034E29CCF6D200B7D13C /* WebService.swift */,
				B93DD79229D4F0750098B2D7 /* GetRecipesWebService.swift */,
				B98D877229D50F1A00EDF9A0 /* DetailedRecipeWebService.swift */,
				B98D877429D50FD400EDF9A0 /* FilteredRecipesWebService.swift */,
				B98D877629D5105100EDF9A0 /* ImageWebService.swift */,
			);
			path = Services;
			sourceTree = "<group>";
		};
		B946E47929CE1FED00315FF2 /* Network */ = {
			isa = PBXGroup;
			children = (
				B946E49629D0FBF900315FF2 /* WebServiceTests.swift */,
				B946E48B29D0ED2000315FF2 /* Mocks */,
				B946E49529D0FBDC00315FF2 /* Endpoints */,
			);
			path = Network;
			sourceTree = "<group>";
		};
		B946E48A29D0E97000315FF2 /* Extensions */ = {
			isa = PBXGroup;
			children = (
				B9F02E2129D3B7240035507E /* Results+MapArray.swift */,
			);
			name = Extensions;
			sourceTree = "<group>";
		};
		B946E48B29D0ED2000315FF2 /* Mocks */ = {
			isa = PBXGroup;
			children = (
				B946E48C29D0ED4B00315FF2 /* MockURLDecomposerProtocol.swift */,
				B946E49829D0FFF700315FF2 /* MockURLProtocol.swift */,
			);
			path = Mocks;
			sourceTree = "<group>";
		};
		B946E49029D0F7C300315FF2 /* Extensions */ = {
			isa = PBXGroup;
			children = (
				B946E49129D0F7D300315FF2 /* URLDecomposerTests.swift */,
			);
			path = Extensions;
			sourceTree = "<group>";
		};
		B946E49529D0FBDC00315FF2 /* Endpoints */ = {
			isa = PBXGroup;
			children = (
				B946E48E29D0F09100315FF2 /* BaseEndpointTests.swift */,
				B946E47C29CFA0C700315FF2 /* AllRecipesEndpointTests.swift */,
				B946E48429CFC54100315FF2 /* ImageRecipeEndpointTests.swift */,
				B946E48629D0A57700315FF2 /* DetailedRecipeEndpointTests.swift */,
				B946E48029CFA80D00315FF2 /* FilteredRecipesEndpointTests.swift */,
			);
			path = Endpoints;
			sourceTree = "<group>";
		};
		B95E25F729D649030040F772 /* Domain */ = {
			isa = PBXGroup;
			children = (
				B95E25F829D649160040F772 /* FilteringUseCase.swift */,
				B95E25FA29D6494E0040F772 /* RecipesRetrieverUseCase.swift */,
				B95E25FC29D649790040F772 /* SavingFavoriteUseCase.swift */,
				B95E260B29D663F40040F772 /* DeleteFavoriteUseCase.swift */,
			);
			path = Domain;
			sourceTree = "<group>";
		};
		B95E260029D64DBB0040F772 /* Infrastructure */ = {
			isa = PBXGroup;
			children = (
				B95E260129D64DDB0040F772 /* GetRecipesWithImagesWebService.swift */,
			);
			path = Infrastructure;
			sourceTree = "<group>";
		};
		B970212C29D6210C004A68B6 /* Mappers */ = {
			isa = PBXGroup;
			children = (
				B95E260529D64F520040F772 /* RecipesToRecipesWithImages.swift */,
				B970212D29D6211C004A68B6 /* AllRecipesAPIToModelMap.swift */,
				B970212F29D62133004A68B6 /* DetailedRecipeAPIToModelMap.swift */,
				B970213129D6215E004A68B6 /* FilteredRecipesAPIToModelMap.swift */,
			);
			path = Mappers;
			sourceTree = "<group>";
		};
		B970213B29D6290C004A68B6 /* Recipes */ = {
			isa = PBXGroup;
			children = (
				B95E260029D64DBB0040F772 /* Infrastructure */,
				B95E25F729D649030040F772 /* Domain */,
				B970214129D62970004A68B6 /* Presentation */,
			);
			path = Recipes;
			sourceTree = "<group>";
		};
		B970213C29D6291F004A68B6 /* Details */ = {
			isa = PBXGroup;
			children = (
				B970214029D62965004A68B6 /* Presentation */,
			);
			path = Details;
			sourceTree = "<group>";
		};
		B970213E29D62943004A68B6 /* Favorites */ = {
			isa = PBXGroup;
			children = (
				B970213F29D6295B004A68B6 /* Presentation */,
			);
			path = Favorites;
			sourceTree = "<group>";
		};
		B970213F29D6295B004A68B6 /* Presentation */ = {
			isa = PBXGroup;
			children = (
				B970212829D5E88F004A68B6 /* FavoritesTableViewController.swift */,
				B970214A29D638C7004A68B6 /* FavoritesPresenter.swift */,
				B970214C29D638D6004A68B6 /* FavoritesPresenterBuilder.swift */,
			);
			path = Presentation;
			sourceTree = "<group>";
		};
		B970214029D62965004A68B6 /* Presentation */ = {
			isa = PBXGroup;
			children = (
				B970212A29D5E89C004A68B6 /* DetailsViewController.swift */,
				B970214629D6388B004A68B6 /* DetailsPresenter.swift */,
				B970214829D63897004A68B6 /* DetailsPresenterBuilder.swift */,
			);
			path = Presentation;
			sourceTree = "<group>";
		};
		B970214129D62970004A68B6 /* Presentation */ = {
			isa = PBXGroup;
			children = (
				B970212629D5E886004A68B6 /* RecipesViewController.swift */,
				B970214229D629B1004A68B6 /* RecipesPresenter.swift */,
				B970214429D629C0004A68B6 /* RecipesPresenterBuilder.swift */,
			);
			path = Presentation;
			sourceTree = "<group>";
		};
		B9CC12FB29D33E38006711C7 /* Persistence */ = {
			isa = PBXGroup;
			children = (
				B93DD79029D4A0BC0098B2D7 /* DTOToObject */,
				B93DD78929D49D9C0098B2D7 /* Infrastructure */,
			);
			path = Persistence;
			sourceTree = "<group>";
		};
		B9F02DED29D37BEF0035507E /* DTOs */ = {
			isa = PBXGroup;
			children = (
				B9F02E0E29D37E5C0035507E /* FilteredRecipeAPI.swift */,
				B9F02DEE29D37C150035507E /* DetailedRecipeAPI.swift */,
				B9F02E0C29D37D7D0035507E /* AllRecipesAPI.swift */,
				B9F02E0929D37D600035507E /* AllRecipes */,
				B9F02DF029D37CED0035507E /* DetailedRecipe */,
			);
			path = DTOs;
			sourceTree = "<group>";
		};
		B9F02DF029D37CED0035507E /* DetailedRecipe */ = {
			isa = PBXGroup;
			children = (
				B98D876C29D507E600EDF9A0 /* DetailedRecipe.swift */,
				B9F02DF429D37CFD0035507E /* CaloricBreakdownAPI.swift */,
				B98D876E29D5083E00EDF9A0 /* CaloricBreakdown.swift */,
				B9F02DF229D37CFD0035507E /* ExtendedIngredientsAPI.swift */,
				B9F02DF729D37CFD0035507E /* FlavonoidsAPI.swift */,
				B9F02DF129D37CFC0035507E /* IngredientsAPI.swift */,
				B9F02DF629D37CFD0035507E /* MeasuresAPI.swift */,
				B9F02DF529D37CFD0035507E /* MetricAPI.swift */,
				B9F02DF329D37CFD0035507E /* NutrientsAPI.swift */,
				B9F02DF929D37CFD0035507E /* NutritionAPI.swift */,
				B98D877029D5085C00EDF9A0 /* Nutrition.swift */,
				B9F02DFA29D37CFD0035507E /* PropertiesAPI.swift */,
				B9F02DFB29D37CFD0035507E /* USMetricAPI.swift */,
				B9F02DFC29D37CFD0035507E /* WeightPerServingAPI.swift */,
				B9F02DF829D37CFD0035507E /* WinePairingAPI.swift */,
			);
			path = DetailedRecipe;
			sourceTree = "<group>";
		};
		B9F02E0929D37D600035507E /* AllRecipes */ = {
			isa = PBXGroup;
			children = (
				B9F02E0A29D37D6D0035507E /* RecipesAPI.swift */,
			);
			path = AllRecipes;
			sourceTree = "<group>";
		};
		B9F02E1529D381FF0035507E /* Model */ = {
			isa = PBXGroup;
			children = (
				B970212C29D6210C004A68B6 /* Mappers */,
				B9F02E1629D3820D0035507E /* AllRecipesModel.swift */,
				B9F02E1829D38D100035507E /* DetailedRecipeModel.swift */,
				B9F02E1A29D38F170035507E /* FilteredRecipesModel.swift */,
				B95E260329D64E660040F772 /* RecipeWithImageModel.swift */,
				B9F02E1C29D38FC00035507E /* Recipe.swift */,
			);
			path = Model;
			sourceTree = "<group>";
		};
		B9F02E2429D3B7E50035507E /* URLDecomposer */ = {
			isa = PBXGroup;
			children = (
				B946E49329D0F9BC00315FF2 /* DecomposedURL.swift */,
				B946E48829D0E96C00315FF2 /* URLDecomposer.swift */,
			);
			path = URLDecomposer;
			sourceTree = "<group>";
		};
		B9F5030E29CCDFCC00B7D13C = {
			isa = PBXGroup;
			children = (
				B9F5031929CCDFCC00B7D13C /* SpoonacularApp */,
				B9F5033029CCDFCE00B7D13C /* SpoonacularAppTests */,
				B9F5033A29CCDFCE00B7D13C /* SpoonacularAppUITests */,
				B9F5031829CCDFCC00B7D13C /* Products */,
			);
			sourceTree = "<group>";
		};
		B9F5031829CCDFCC00B7D13C /* Products */ = {
			isa = PBXGroup;
			children = (
				B9F5031729CCDFCC00B7D13C /* SpoonacularApp.app */,
				B9F5032D29CCDFCE00B7D13C /* SpoonacularAppTests.xctest */,
				B9F5033729CCDFCE00B7D13C /* SpoonacularAppUITests.xctest */,
			);
			name = Products;
			sourceTree = "<group>";
		};
		B9F5031929CCDFCC00B7D13C /* SpoonacularApp */ = {
			isa = PBXGroup;
			children = (
				B970213B29D6290C004A68B6 /* Recipes */,
				B970213C29D6291F004A68B6 /* Details */,
				B970213E29D62943004A68B6 /* Favorites */,
				B9CC12FB29D33E38006711C7 /* Persistence */,
				B946E48A29D0E97000315FF2 /* Extensions */,
				B9F5035529CD03FD00B7D13C /* Constants */,
				B9F02E1529D381FF0035507E /* Model */,
				B9F5034D29CCF6C300B7D13C /* Network */,
				B9F5031A29CCDFCC00B7D13C /* AppDelegate.swift */,
				B9F5031C29CCDFCC00B7D13C /* SceneDelegate.swift */,
				B9F5031E29CCDFCC00B7D13C /* ViewController.swift */,
				B9F5032029CCDFCC00B7D13C /* Main.storyboard */,
				B9F5032329CCDFCE00B7D13C /* Assets.xcassets */,
				B9F5032529CCDFCE00B7D13C /* LaunchScreen.storyboard */,
				B9F5032829CCDFCE00B7D13C /* Info.plist */,
			);
			path = SpoonacularApp;
			sourceTree = "<group>";
		};
		B9F5033029CCDFCE00B7D13C /* SpoonacularAppTests */ = {
			isa = PBXGroup;
			children = (
				B946E49029D0F7C300315FF2 /* Extensions */,
				B946E47929CE1FED00315FF2 /* Network */,
			);
			path = SpoonacularAppTests;
			sourceTree = "<group>";
		};
		B9F5033A29CCDFCE00B7D13C /* SpoonacularAppUITests */ = {
			isa = PBXGroup;
			children = (
				B9F5033B29CCDFCE00B7D13C /* SpoonacularAppUITests.swift */,
				B9F5033D29CCDFCE00B7D13C /* SpoonacularAppUITestsLaunchTests.swift */,
			);
			path = SpoonacularAppUITests;
			sourceTree = "<group>";
		};
		B9F5034D29CCF6C300B7D13C /* Network */ = {
			isa = PBXGroup;
			children = (
				B93DD79129D4F0270098B2D7 /* Services */,
				B9F5035A29CD0CE500B7D13C /* Endpoints */,
				B9F02DED29D37BEF0035507E /* DTOs */,
			);
			path = Network;
			sourceTree = "<group>";
		};
		B9F5035529CD03FD00B7D13C /* Constants */ = {
			isa = PBXGroup;
			children = (
				B9F5035629CD040800B7D13C /* Utils.swift */,
			);
			path = Constants;
			sourceTree = "<group>";
		};
		B9F5035A29CD0CE500B7D13C /* Endpoints */ = {
			isa = PBXGroup;
			children = (
				B9F02E2429D3B7E50035507E /* URLDecomposer */,
				B946E48229CFBF3F00315FF2 /* EndpointError.swift */,
				B9F5035B29CD0CF500B7D13C /* BaseEndpoint.swift */,
				B9F5035D29CD0E6D00B7D13C /* AllRecipesEndpoint.swift */,
				B9F5035F29CD100300B7D13C /* ImageRecipeEndpoint.swift */,
				B9F5036129CD21B700B7D13C /* DetailedRecipeEndpoint.swift */,
				B9F5036329CD24F200B7D13C /* FilteredRecipesEndpoint.swift */,
			);
			path = Endpoints;
			sourceTree = "<group>";
		};
/* End PBXGroup section */

/* Begin PBXNativeTarget section */
		B9F5031629CCDFCC00B7D13C /* SpoonacularApp */ = {
			isa = PBXNativeTarget;
			buildConfigurationList = B9F5034129CCDFCE00B7D13C /* Build configuration list for PBXNativeTarget "SpoonacularApp" */;
			buildPhases = (
				B9F5031329CCDFCC00B7D13C /* Sources */,
				B9F5031429CCDFCC00B7D13C /* Frameworks */,
				B9F5031529CCDFCC00B7D13C /* Resources */,
			);
			buildRules = (
			);
			dependencies = (
			);
			name = SpoonacularApp;
			packageProductDependencies = (
				B9F5034B29CCF5AB00B7D13C /* Alamofire */,
				B9CC12F729D33C18006711C7 /* Realm */,
				B9CC12F929D33C18006711C7 /* RealmSwift */,
			);
			productName = SpoonacularApp;
			productReference = B9F5031729CCDFCC00B7D13C /* SpoonacularApp.app */;
			productType = "com.apple.product-type.application";
		};
		B9F5032C29CCDFCE00B7D13C /* SpoonacularAppTests */ = {
			isa = PBXNativeTarget;
			buildConfigurationList = B9F5034429CCDFCE00B7D13C /* Build configuration list for PBXNativeTarget "SpoonacularAppTests" */;
			buildPhases = (
				B9F5032929CCDFCE00B7D13C /* Sources */,
				B9F5032A29CCDFCE00B7D13C /* Frameworks */,
				B9F5032B29CCDFCE00B7D13C /* Resources */,
			);
			buildRules = (
			);
			dependencies = (
				B9F5032F29CCDFCE00B7D13C /* PBXTargetDependency */,
			);
			name = SpoonacularAppTests;
			productName = SpoonacularAppTests;
			productReference = B9F5032D29CCDFCE00B7D13C /* SpoonacularAppTests.xctest */;
			productType = "com.apple.product-type.bundle.unit-test";
		};
		B9F5033629CCDFCE00B7D13C /* SpoonacularAppUITests */ = {
			isa = PBXNativeTarget;
			buildConfigurationList = B9F5034729CCDFCE00B7D13C /* Build configuration list for PBXNativeTarget "SpoonacularAppUITests" */;
			buildPhases = (
				B9F5033329CCDFCE00B7D13C /* Sources */,
				B9F5033429CCDFCE00B7D13C /* Frameworks */,
				B9F5033529CCDFCE00B7D13C /* Resources */,
			);
			buildRules = (
			);
			dependencies = (
				B9F5033929CCDFCE00B7D13C /* PBXTargetDependency */,
			);
			name = SpoonacularAppUITests;
			productName = SpoonacularAppUITests;
			productReference = B9F5033729CCDFCE00B7D13C /* SpoonacularAppUITests.xctest */;
			productType = "com.apple.product-type.bundle.ui-testing";
		};
/* End PBXNativeTarget section */

/* Begin PBXProject section */
		B9F5030F29CCDFCC00B7D13C /* Project object */ = {
			isa = PBXProject;
			attributes = {
				BuildIndependentTargetsInParallel = 1;
				LastSwiftUpdateCheck = 1420;
				LastUpgradeCheck = 1420;
				TargetAttributes = {
					B9F5031629CCDFCC00B7D13C = {
						CreatedOnToolsVersion = 14.2;
					};
					B9F5032C29CCDFCE00B7D13C = {
						CreatedOnToolsVersion = 14.2;
						TestTargetID = B9F5031629CCDFCC00B7D13C;
					};
					B9F5033629CCDFCE00B7D13C = {
						CreatedOnToolsVersion = 14.2;
						TestTargetID = B9F5031629CCDFCC00B7D13C;
					};
				};
			};
			buildConfigurationList = B9F5031229CCDFCC00B7D13C /* Build configuration list for PBXProject "SpoonacularApp" */;
			compatibilityVersion = "Xcode 14.0";
			developmentRegion = en;
			hasScannedForEncodings = 0;
			knownRegions = (
				en,
				Base,
			);
			mainGroup = B9F5030E29CCDFCC00B7D13C;
			packageReferences = (
				B9F5034A29CCF5AB00B7D13C /* XCRemoteSwiftPackageReference "Alamofire" */,
				B9CC12F629D33C18006711C7 /* XCRemoteSwiftPackageReference "realm-swift" */,
			);
			productRefGroup = B9F5031829CCDFCC00B7D13C /* Products */;
			projectDirPath = "";
			projectRoot = "";
			targets = (
				B9F5031629CCDFCC00B7D13C /* SpoonacularApp */,
				B9F5032C29CCDFCE00B7D13C /* SpoonacularAppTests */,
				B9F5033629CCDFCE00B7D13C /* SpoonacularAppUITests */,
			);
		};
/* End PBXProject section */

/* Begin PBXResourcesBuildPhase section */
		B9F5031529CCDFCC00B7D13C /* Resources */ = {
			isa = PBXResourcesBuildPhase;
			buildActionMask = 2147483647;
			files = (
				B9F5032729CCDFCE00B7D13C /* LaunchScreen.storyboard in Resources */,
				B9F5032429CCDFCE00B7D13C /* Assets.xcassets in Resources */,
				B9F5032229CCDFCC00B7D13C /* Main.storyboard in Resources */,
			);
			runOnlyForDeploymentPostprocessing = 0;
		};
		B9F5032B29CCDFCE00B7D13C /* Resources */ = {
			isa = PBXResourcesBuildPhase;
			buildActionMask = 2147483647;
			files = (
			);
			runOnlyForDeploymentPostprocessing = 0;
		};
		B9F5033529CCDFCE00B7D13C /* Resources */ = {
			isa = PBXResourcesBuildPhase;
			buildActionMask = 2147483647;
			files = (
			);
			runOnlyForDeploymentPostprocessing = 0;
		};
/* End PBXResourcesBuildPhase section */

/* Begin PBXSourcesBuildPhase section */
		B9F5031329CCDFCC00B7D13C /* Sources */ = {
			isa = PBXSourcesBuildPhase;
			buildActionMask = 2147483647;
			files = (
				B9F02DFD29D37CFD0035507E /* IngredientsAPI.swift in Sources */,
				B9F02E0429D37CFD0035507E /* WinePairingAPI.swift in Sources */,
				B98D877729D5105100EDF9A0 /* ImageWebService.swift in Sources */,
				B93DD78B29D49DAB0098B2D7 /* DBAddManager.swift in Sources */,
				B9F5036029CD100300B7D13C /* ImageRecipeEndpoint.swift in Sources */,
				B9F02E0B29D37D6D0035507E /* RecipesAPI.swift in Sources */,
				B9F5035C29CD0CF500B7D13C /* BaseEndpoint.swift in Sources */,
				B9F02E0729D37CFD0035507E /* USMetricAPI.swift in Sources */,
				B970213029D62133004A68B6 /* DetailedRecipeAPIToModelMap.swift in Sources */,
				B9F02E2229D3B7240035507E /* Results+MapArray.swift in Sources */,
				B9F5031F29CCDFCC00B7D13C /* ViewController.swift in Sources */,
				B946E49429D0F9BC00315FF2 /* DecomposedURL.swift in Sources */,
				B970214329D629B1004A68B6 /* RecipesPresenter.swift in Sources */,
				B970214929D63897004A68B6 /* DetailsPresenterBuilder.swift in Sources */,
				B98D877129D5085C00EDF9A0 /* Nutrition.swift in Sources */,
				B946E48929D0E96C00315FF2 /* URLDecomposer.swift in Sources */,
				B95E25F929D649160040F772 /* FilteringUseCase.swift in Sources */,
				B970212E29D6211C004A68B6 /* AllRecipesAPIToModelMap.swift in Sources */,
				B970212729D5E886004A68B6 /* RecipesViewController.swift in Sources */,
				B98D877329D50F1A00EDF9A0 /* DetailedRecipeWebService.swift in Sources */,
				B9CC12FD29D33E47006711C7 /* DatabaseManager.swift in Sources */,
				B9F02DEF29D37C150035507E /* DetailedRecipeAPI.swift in Sources */,
				B9F02E0D29D37D7D0035507E /* AllRecipesAPI.swift in Sources */,
				B93DD78F29D49FCE0098B2D7 /* DBDeleteManager.swift in Sources */,
				B98D876F29D5083E00EDF9A0 /* CaloricBreakdown.swift in Sources */,
				B95E25FD29D649790040F772 /* SavingFavoriteUseCase.swift in Sources */,
				B9F5031B29CCDFCC00B7D13C /* AppDelegate.swift in Sources */,
				B970214B29D638C7004A68B6 /* FavoritesPresenter.swift in Sources */,
				B9CC130429D36612006711C7 /* FavoriteRecipe.swift in Sources */,
				B9F02E0129D37CFD0035507E /* MetricAPI.swift in Sources */,
				B95E260429D64E660040F772 /* RecipeWithImageModel.swift in Sources */,
				B970214529D629C0004A68B6 /* RecipesPresenterBuilder.swift in Sources */,
				B98D877529D50FD400EDF9A0 /* FilteredRecipesWebService.swift in Sources */,
				B9F5034F29CCF6D200B7D13C /* WebService.swift in Sources */,
				B970212929D5E88F004A68B6 /* FavoritesTableViewController.swift in Sources */,
				B98D876D29D507E600EDF9A0 /* DetailedRecipe.swift in Sources */,
				B9F5031D29CCDFCC00B7D13C /* SceneDelegate.swift in Sources */,
				B9F02E0229D37CFD0035507E /* MeasuresAPI.swift in Sources */,
				B9F02DFF29D37CFD0035507E /* NutrientsAPI.swift in Sources */,
				B970214D29D638D6004A68B6 /* FavoritesPresenterBuilder.swift in Sources */,
				B95E260629D64F520040F772 /* RecipesToRecipesWithImages.swift in Sources */,
				B9F02E1B29D38F170035507E /* FilteredRecipesModel.swift in Sources */,
				B9F02E0529D37CFD0035507E /* NutritionAPI.swift in Sources */,
				B95E260C29D663F40040F772 /* DeleteFavoriteUseCase.swift in Sources */,
				B946E48329CFBF3F00315FF2 /* EndpointError.swift in Sources */,
				B9F02E0029D37CFD0035507E /* CaloricBreakdownAPI.swift in Sources */,
				B93DD79329D4F0750098B2D7 /* GetRecipesWebService.swift in Sources */,
				B970213229D6215E004A68B6 /* FilteredRecipesAPIToModelMap.swift in Sources */,
				B93DD78D29D49F8C0098B2D7 /* DBGetManager.swift in Sources */,
				B9F02E0629D37CFD0035507E /* PropertiesAPI.swift in Sources */,
				B9F02E1029D37E5C0035507E /* FilteredRecipeAPI.swift in Sources */,
				B9F5036229CD21B700B7D13C /* DetailedRecipeEndpoint.swift in Sources */,
				B9F02E0329D37CFD0035507E /* FlavonoidsAPI.swift in Sources */,
				B970213A29D62718004A68B6 /* FavoriteRecipeToObject.swift in Sources */,
				B9F5035E29CD0E6D00B7D13C /* AllRecipesEndpoint.swift in Sources */,
				B970214729D6388B004A68B6 /* DetailsPresenter.swift in Sources */,
				B9CC130129D36451006711C7 /* FavoriteRecipeObject.swift in Sources */,
				B9F02E1729D3820D0035507E /* AllRecipesModel.swift in Sources */,
				B9F02DFE29D37CFD0035507E /* ExtendedIngredientsAPI.swift in Sources */,
				B95E260229D64DDB0040F772 /* GetRecipesWithImagesWebService.swift in Sources */,
				B9F5035729CD040800B7D13C /* Utils.swift in Sources */,
				B9F02E1929D38D100035507E /* DetailedRecipeModel.swift in Sources */,
				B9F02E1D29D38FC00035507E /* Recipe.swift in Sources */,
				B9F02E0829D37CFD0035507E /* WeightPerServingAPI.swift in Sources */,
				B9F5036429CD24F200B7D13C /* FilteredRecipesEndpoint.swift in Sources */,
				B95E25FB29D6494E0040F772 /* RecipesRetrieverUseCase.swift in Sources */,
				B970212B29D5E89C004A68B6 /* DetailsViewController.swift in Sources */,
			);
			runOnlyForDeploymentPostprocessing = 0;
		};
		B9F5032929CCDFCE00B7D13C /* Sources */ = {
			isa = PBXSourcesBuildPhase;
			buildActionMask = 2147483647;
			files = (
				B946E48729D0A57700315FF2 /* DetailedRecipeEndpointTests.swift in Sources */,
				B946E48529CFC54100315FF2 /* ImageRecipeEndpointTests.swift in Sources */,
				B946E49729D0FBF900315FF2 /* WebServiceTests.swift in Sources */,
				B946E49929D0FFF800315FF2 /* MockURLProtocol.swift in Sources */,
				B946E48129CFA80D00315FF2 /* FilteredRecipesEndpointTests.swift in Sources */,
				B946E49229D0F7D300315FF2 /* URLDecomposerTests.swift in Sources */,
				B946E48D29D0ED4B00315FF2 /* MockURLDecomposerProtocol.swift in Sources */,
				B946E48F29D0F09100315FF2 /* BaseEndpointTests.swift in Sources */,
				B946E47D29CFA0C700315FF2 /* AllRecipesEndpointTests.swift in Sources */,
			);
			runOnlyForDeploymentPostprocessing = 0;
		};
		B9F5033329CCDFCE00B7D13C /* Sources */ = {
			isa = PBXSourcesBuildPhase;
			buildActionMask = 2147483647;
			files = (
				B9F5033E29CCDFCE00B7D13C /* SpoonacularAppUITestsLaunchTests.swift in Sources */,
				B9F5033C29CCDFCE00B7D13C /* SpoonacularAppUITests.swift in Sources */,
			);
			runOnlyForDeploymentPostprocessing = 0;
		};
/* End PBXSourcesBuildPhase section */

/* Begin PBXTargetDependency section */
		B9F5032F29CCDFCE00B7D13C /* PBXTargetDependency */ = {
			isa = PBXTargetDependency;
			target = B9F5031629CCDFCC00B7D13C /* SpoonacularApp */;
			targetProxy = B9F5032E29CCDFCE00B7D13C /* PBXContainerItemProxy */;
		};
		B9F5033929CCDFCE00B7D13C /* PBXTargetDependency */ = {
			isa = PBXTargetDependency;
			target = B9F5031629CCDFCC00B7D13C /* SpoonacularApp */;
			targetProxy = B9F5033829CCDFCE00B7D13C /* PBXContainerItemProxy */;
		};
/* End PBXTargetDependency section */

/* Begin PBXVariantGroup section */
		B9F5032029CCDFCC00B7D13C /* Main.storyboard */ = {
			isa = PBXVariantGroup;
			children = (
				B9F5032129CCDFCC00B7D13C /* Base */,
			);
			name = Main.storyboard;
			sourceTree = "<group>";
		};
		B9F5032529CCDFCE00B7D13C /* LaunchScreen.storyboard */ = {
			isa = PBXVariantGroup;
			children = (
				B9F5032629CCDFCE00B7D13C /* Base */,
			);
			name = LaunchScreen.storyboard;
			sourceTree = "<group>";
		};
/* End PBXVariantGroup section */

/* Begin XCBuildConfiguration section */
		B9F5033F29CCDFCE00B7D13C /* Debug */ = {
			isa = XCBuildConfiguration;
			buildSettings = {
				ALWAYS_SEARCH_USER_PATHS = NO;
				CLANG_ANALYZER_NONNULL = YES;
				CLANG_ANALYZER_NUMBER_OBJECT_CONVERSION = YES_AGGRESSIVE;
				CLANG_CXX_LANGUAGE_STANDARD = "gnu++20";
				CLANG_ENABLE_MODULES = YES;
				CLANG_ENABLE_OBJC_ARC = YES;
				CLANG_ENABLE_OBJC_WEAK = YES;
				CLANG_WARN_BLOCK_CAPTURE_AUTORELEASING = YES;
				CLANG_WARN_BOOL_CONVERSION = YES;
				CLANG_WARN_COMMA = YES;
				CLANG_WARN_CONSTANT_CONVERSION = YES;
				CLANG_WARN_DEPRECATED_OBJC_IMPLEMENTATIONS = YES;
				CLANG_WARN_DIRECT_OBJC_ISA_USAGE = YES_ERROR;
				CLANG_WARN_DOCUMENTATION_COMMENTS = YES;
				CLANG_WARN_EMPTY_BODY = YES;
				CLANG_WARN_ENUM_CONVERSION = YES;
				CLANG_WARN_INFINITE_RECURSION = YES;
				CLANG_WARN_INT_CONVERSION = YES;
				CLANG_WARN_NON_LITERAL_NULL_CONVERSION = YES;
				CLANG_WARN_OBJC_IMPLICIT_RETAIN_SELF = YES;
				CLANG_WARN_OBJC_LITERAL_CONVERSION = YES;
				CLANG_WARN_OBJC_ROOT_CLASS = YES_ERROR;
				CLANG_WARN_QUOTED_INCLUDE_IN_FRAMEWORK_HEADER = YES;
				CLANG_WARN_RANGE_LOOP_ANALYSIS = YES;
				CLANG_WARN_STRICT_PROTOTYPES = YES;
				CLANG_WARN_SUSPICIOUS_MOVE = YES;
				CLANG_WARN_UNGUARDED_AVAILABILITY = YES_AGGRESSIVE;
				CLANG_WARN_UNREACHABLE_CODE = YES;
				CLANG_WARN__DUPLICATE_METHOD_MATCH = YES;
				COPY_PHASE_STRIP = NO;
				DEBUG_INFORMATION_FORMAT = dwarf;
				ENABLE_STRICT_OBJC_MSGSEND = YES;
				ENABLE_TESTABILITY = YES;
				GCC_C_LANGUAGE_STANDARD = gnu11;
				GCC_DYNAMIC_NO_PIC = NO;
				GCC_NO_COMMON_BLOCKS = YES;
				GCC_OPTIMIZATION_LEVEL = 0;
				GCC_PREPROCESSOR_DEFINITIONS = (
					"DEBUG=1",
					"$(inherited)",
				);
				GCC_WARN_64_TO_32_BIT_CONVERSION = YES;
				GCC_WARN_ABOUT_RETURN_TYPE = YES_ERROR;
				GCC_WARN_UNDECLARED_SELECTOR = YES;
				GCC_WARN_UNINITIALIZED_AUTOS = YES_AGGRESSIVE;
				GCC_WARN_UNUSED_FUNCTION = YES;
				GCC_WARN_UNUSED_VARIABLE = YES;
				IPHONEOS_DEPLOYMENT_TARGET = 16.2;
				MTL_ENABLE_DEBUG_INFO = INCLUDE_SOURCE;
				MTL_FAST_MATH = YES;
				ONLY_ACTIVE_ARCH = YES;
				SDKROOT = iphoneos;
				SWIFT_ACTIVE_COMPILATION_CONDITIONS = DEBUG;
				SWIFT_OPTIMIZATION_LEVEL = "-Onone";
			};
			name = Debug;
		};
		B9F5034029CCDFCE00B7D13C /* Release */ = {
			isa = XCBuildConfiguration;
			buildSettings = {
				ALWAYS_SEARCH_USER_PATHS = NO;
				CLANG_ANALYZER_NONNULL = YES;
				CLANG_ANALYZER_NUMBER_OBJECT_CONVERSION = YES_AGGRESSIVE;
				CLANG_CXX_LANGUAGE_STANDARD = "gnu++20";
				CLANG_ENABLE_MODULES = YES;
				CLANG_ENABLE_OBJC_ARC = YES;
				CLANG_ENABLE_OBJC_WEAK = YES;
				CLANG_WARN_BLOCK_CAPTURE_AUTORELEASING = YES;
				CLANG_WARN_BOOL_CONVERSION = YES;
				CLANG_WARN_COMMA = YES;
				CLANG_WARN_CONSTANT_CONVERSION = YES;
				CLANG_WARN_DEPRECATED_OBJC_IMPLEMENTATIONS = YES;
				CLANG_WARN_DIRECT_OBJC_ISA_USAGE = YES_ERROR;
				CLANG_WARN_DOCUMENTATION_COMMENTS = YES;
				CLANG_WARN_EMPTY_BODY = YES;
				CLANG_WARN_ENUM_CONVERSION = YES;
				CLANG_WARN_INFINITE_RECURSION = YES;
				CLANG_WARN_INT_CONVERSION = YES;
				CLANG_WARN_NON_LITERAL_NULL_CONVERSION = YES;
				CLANG_WARN_OBJC_IMPLICIT_RETAIN_SELF = YES;
				CLANG_WARN_OBJC_LITERAL_CONVERSION = YES;
				CLANG_WARN_OBJC_ROOT_CLASS = YES_ERROR;
				CLANG_WARN_QUOTED_INCLUDE_IN_FRAMEWORK_HEADER = YES;
				CLANG_WARN_RANGE_LOOP_ANALYSIS = YES;
				CLANG_WARN_STRICT_PROTOTYPES = YES;
				CLANG_WARN_SUSPICIOUS_MOVE = YES;
				CLANG_WARN_UNGUARDED_AVAILABILITY = YES_AGGRESSIVE;
				CLANG_WARN_UNREACHABLE_CODE = YES;
				CLANG_WARN__DUPLICATE_METHOD_MATCH = YES;
				COPY_PHASE_STRIP = NO;
				DEBUG_INFORMATION_FORMAT = "dwarf-with-dsym";
				ENABLE_NS_ASSERTIONS = NO;
				ENABLE_STRICT_OBJC_MSGSEND = YES;
				GCC_C_LANGUAGE_STANDARD = gnu11;
				GCC_NO_COMMON_BLOCKS = YES;
				GCC_WARN_64_TO_32_BIT_CONVERSION = YES;
				GCC_WARN_ABOUT_RETURN_TYPE = YES_ERROR;
				GCC_WARN_UNDECLARED_SELECTOR = YES;
				GCC_WARN_UNINITIALIZED_AUTOS = YES_AGGRESSIVE;
				GCC_WARN_UNUSED_FUNCTION = YES;
				GCC_WARN_UNUSED_VARIABLE = YES;
				IPHONEOS_DEPLOYMENT_TARGET = 16.2;
				MTL_ENABLE_DEBUG_INFO = NO;
				MTL_FAST_MATH = YES;
				SDKROOT = iphoneos;
				SWIFT_COMPILATION_MODE = wholemodule;
				SWIFT_OPTIMIZATION_LEVEL = "-O";
				VALIDATE_PRODUCT = YES;
			};
			name = Release;
		};
		B9F5034229CCDFCE00B7D13C /* Debug */ = {
			isa = XCBuildConfiguration;
			buildSettings = {
				ASSETCATALOG_COMPILER_APPICON_NAME = AppIcon;
				ASSETCATALOG_COMPILER_GLOBAL_ACCENT_COLOR_NAME = AccentColor;
				CODE_SIGN_STYLE = Automatic;
				CURRENT_PROJECT_VERSION = 1;
				DEVELOPMENT_TEAM = Z24Z5QFBHM;
				GENERATE_INFOPLIST_FILE = YES;
				INFOPLIST_FILE = SpoonacularApp/Info.plist;
				INFOPLIST_KEY_UIApplicationSupportsIndirectInputEvents = YES;
				INFOPLIST_KEY_UILaunchStoryboardName = LaunchScreen;
				INFOPLIST_KEY_UIMainStoryboardFile = Main;
				INFOPLIST_KEY_UISupportedInterfaceOrientations_iPad = "UIInterfaceOrientationPortrait UIInterfaceOrientationPortraitUpsideDown UIInterfaceOrientationLandscapeLeft UIInterfaceOrientationLandscapeRight";
				INFOPLIST_KEY_UISupportedInterfaceOrientations_iPhone = "UIInterfaceOrientationPortrait UIInterfaceOrientationLandscapeLeft UIInterfaceOrientationLandscapeRight";
				LD_RUNPATH_SEARCH_PATHS = (
					"$(inherited)",
					"@executable_path/Frameworks",
				);
				MARKETING_VERSION = 1.0;
				PRODUCT_BUNDLE_IDENTIFIER = com.ngoyes.SpoonacularApp;
				PRODUCT_NAME = "$(TARGET_NAME)";
				SWIFT_EMIT_LOC_STRINGS = YES;
				SWIFT_VERSION = 5.0;
				TARGETED_DEVICE_FAMILY = "1,2";
			};
			name = Debug;
		};
		B9F5034329CCDFCE00B7D13C /* Release */ = {
			isa = XCBuildConfiguration;
			buildSettings = {
				ASSETCATALOG_COMPILER_APPICON_NAME = AppIcon;
				ASSETCATALOG_COMPILER_GLOBAL_ACCENT_COLOR_NAME = AccentColor;
				CODE_SIGN_STYLE = Automatic;
				CURRENT_PROJECT_VERSION = 1;
				DEVELOPMENT_TEAM = Z24Z5QFBHM;
				GENERATE_INFOPLIST_FILE = YES;
				INFOPLIST_FILE = SpoonacularApp/Info.plist;
				INFOPLIST_KEY_UIApplicationSupportsIndirectInputEvents = YES;
				INFOPLIST_KEY_UILaunchStoryboardName = LaunchScreen;
				INFOPLIST_KEY_UIMainStoryboardFile = Main;
				INFOPLIST_KEY_UISupportedInterfaceOrientations_iPad = "UIInterfaceOrientationPortrait UIInterfaceOrientationPortraitUpsideDown UIInterfaceOrientationLandscapeLeft UIInterfaceOrientationLandscapeRight";
				INFOPLIST_KEY_UISupportedInterfaceOrientations_iPhone = "UIInterfaceOrientationPortrait UIInterfaceOrientationLandscapeLeft UIInterfaceOrientationLandscapeRight";
				LD_RUNPATH_SEARCH_PATHS = (
					"$(inherited)",
					"@executable_path/Frameworks",
				);
				MARKETING_VERSION = 1.0;
				PRODUCT_BUNDLE_IDENTIFIER = com.ngoyes.SpoonacularApp;
				PRODUCT_NAME = "$(TARGET_NAME)";
				SWIFT_EMIT_LOC_STRINGS = YES;
				SWIFT_VERSION = 5.0;
				TARGETED_DEVICE_FAMILY = "1,2";
			};
			name = Release;
		};
		B9F5034529CCDFCE00B7D13C /* Debug */ = {
			isa = XCBuildConfiguration;
			buildSettings = {
				ALWAYS_EMBED_SWIFT_STANDARD_LIBRARIES = YES;
				BUNDLE_LOADER = "$(TEST_HOST)";
				CODE_SIGN_STYLE = Automatic;
				CURRENT_PROJECT_VERSION = 1;
				DEVELOPMENT_TEAM = Z24Z5QFBHM;
				GENERATE_INFOPLIST_FILE = YES;
				IPHONEOS_DEPLOYMENT_TARGET = 16.2;
				MARKETING_VERSION = 1.0;
				PRODUCT_BUNDLE_IDENTIFIER = com.ngoyes.SpoonacularAppTests;
				PRODUCT_NAME = "$(TARGET_NAME)";
				SWIFT_EMIT_LOC_STRINGS = NO;
				SWIFT_VERSION = 5.0;
				TARGETED_DEVICE_FAMILY = "1,2";
				TEST_HOST = "$(BUILT_PRODUCTS_DIR)/SpoonacularApp.app/$(BUNDLE_EXECUTABLE_FOLDER_PATH)/SpoonacularApp";
			};
			name = Debug;
		};
		B9F5034629CCDFCE00B7D13C /* Release */ = {
			isa = XCBuildConfiguration;
			buildSettings = {
				ALWAYS_EMBED_SWIFT_STANDARD_LIBRARIES = YES;
				BUNDLE_LOADER = "$(TEST_HOST)";
				CODE_SIGN_STYLE = Automatic;
				CURRENT_PROJECT_VERSION = 1;
				DEVELOPMENT_TEAM = Z24Z5QFBHM;
				GENERATE_INFOPLIST_FILE = YES;
				IPHONEOS_DEPLOYMENT_TARGET = 16.2;
				MARKETING_VERSION = 1.0;
				PRODUCT_BUNDLE_IDENTIFIER = com.ngoyes.SpoonacularAppTests;
				PRODUCT_NAME = "$(TARGET_NAME)";
				SWIFT_EMIT_LOC_STRINGS = NO;
				SWIFT_VERSION = 5.0;
				TARGETED_DEVICE_FAMILY = "1,2";
				TEST_HOST = "$(BUILT_PRODUCTS_DIR)/SpoonacularApp.app/$(BUNDLE_EXECUTABLE_FOLDER_PATH)/SpoonacularApp";
			};
			name = Release;
		};
		B9F5034829CCDFCE00B7D13C /* Debug */ = {
			isa = XCBuildConfiguration;
			buildSettings = {
				ALWAYS_EMBED_SWIFT_STANDARD_LIBRARIES = YES;
				CODE_SIGN_STYLE = Automatic;
				CURRENT_PROJECT_VERSION = 1;
				DEVELOPMENT_TEAM = Z24Z5QFBHM;
				GENERATE_INFOPLIST_FILE = YES;
				MARKETING_VERSION = 1.0;
				PRODUCT_BUNDLE_IDENTIFIER = com.ngoyes.SpoonacularAppUITests;
				PRODUCT_NAME = "$(TARGET_NAME)";
				SWIFT_EMIT_LOC_STRINGS = NO;
				SWIFT_VERSION = 5.0;
				TARGETED_DEVICE_FAMILY = "1,2";
				TEST_TARGET_NAME = SpoonacularApp;
			};
			name = Debug;
		};
		B9F5034929CCDFCE00B7D13C /* Release */ = {
			isa = XCBuildConfiguration;
			buildSettings = {
				ALWAYS_EMBED_SWIFT_STANDARD_LIBRARIES = YES;
				CODE_SIGN_STYLE = Automatic;
				CURRENT_PROJECT_VERSION = 1;
				DEVELOPMENT_TEAM = Z24Z5QFBHM;
				GENERATE_INFOPLIST_FILE = YES;
				MARKETING_VERSION = 1.0;
				PRODUCT_BUNDLE_IDENTIFIER = com.ngoyes.SpoonacularAppUITests;
				PRODUCT_NAME = "$(TARGET_NAME)";
				SWIFT_EMIT_LOC_STRINGS = NO;
				SWIFT_VERSION = 5.0;
				TARGETED_DEVICE_FAMILY = "1,2";
				TEST_TARGET_NAME = SpoonacularApp;
			};
			name = Release;
		};
/* End XCBuildConfiguration section */

/* Begin XCConfigurationList section */
		B9F5031229CCDFCC00B7D13C /* Build configuration list for PBXProject "SpoonacularApp" */ = {
			isa = XCConfigurationList;
			buildConfigurations = (
				B9F5033F29CCDFCE00B7D13C /* Debug */,
				B9F5034029CCDFCE00B7D13C /* Release */,
			);
			defaultConfigurationIsVisible = 0;
			defaultConfigurationName = Release;
		};
		B9F5034129CCDFCE00B7D13C /* Build configuration list for PBXNativeTarget "SpoonacularApp" */ = {
			isa = XCConfigurationList;
			buildConfigurations = (
				B9F5034229CCDFCE00B7D13C /* Debug */,
				B9F5034329CCDFCE00B7D13C /* Release */,
			);
			defaultConfigurationIsVisible = 0;
			defaultConfigurationName = Release;
		};
		B9F5034429CCDFCE00B7D13C /* Build configuration list for PBXNativeTarget "SpoonacularAppTests" */ = {
			isa = XCConfigurationList;
			buildConfigurations = (
				B9F5034529CCDFCE00B7D13C /* Debug */,
				B9F5034629CCDFCE00B7D13C /* Release */,
			);
			defaultConfigurationIsVisible = 0;
			defaultConfigurationName = Release;
		};
		B9F5034729CCDFCE00B7D13C /* Build configuration list for PBXNativeTarget "SpoonacularAppUITests" */ = {
			isa = XCConfigurationList;
			buildConfigurations = (
				B9F5034829CCDFCE00B7D13C /* Debug */,
				B9F5034929CCDFCE00B7D13C /* Release */,
			);
			defaultConfigurationIsVisible = 0;
			defaultConfigurationName = Release;
		};
/* End XCConfigurationList section */

/* Begin XCRemoteSwiftPackageReference section */
		B9CC12F629D33C18006711C7 /* XCRemoteSwiftPackageReference "realm-swift" */ = {
			isa = XCRemoteSwiftPackageReference;
			repositoryURL = "https://github.com/realm/realm-swift.git";
			requirement = {
				branch = master;
				kind = branch;
			};
		};
		B9F5034A29CCF5AB00B7D13C /* XCRemoteSwiftPackageReference "Alamofire" */ = {
			isa = XCRemoteSwiftPackageReference;
			repositoryURL = "https://github.com/Alamofire/Alamofire.git";
			requirement = {
				branch = master;
				kind = branch;
			};
		};
/* End XCRemoteSwiftPackageReference section */

/* Begin XCSwiftPackageProductDependency section */
		B9CC12F729D33C18006711C7 /* Realm */ = {
			isa = XCSwiftPackageProductDependency;
			package = B9CC12F629D33C18006711C7 /* XCRemoteSwiftPackageReference "realm-swift" */;
			productName = Realm;
		};
		B9CC12F929D33C18006711C7 /* RealmSwift */ = {
			isa = XCSwiftPackageProductDependency;
			package = B9CC12F629D33C18006711C7 /* XCRemoteSwiftPackageReference "realm-swift" */;
			productName = RealmSwift;
		};
		B9F5034B29CCF5AB00B7D13C /* Alamofire */ = {
			isa = XCSwiftPackageProductDependency;
			package = B9F5034A29CCF5AB00B7D13C /* XCRemoteSwiftPackageReference "Alamofire" */;
			productName = Alamofire;
		};
/* End XCSwiftPackageProductDependency section */
	};
	rootObject = B9F5030F29CCDFCC00B7D13C /* Project object */;
}
